Microsoft Visual Studio Solution File, Format Version 12.00
# Visual Studio Express 2013 for Windows Desktop
Project("{8BC9CEB8-8B4A-11D0-8D11-00A0C91BC942}") = "ALL_BUILD", "ALL_BUILD.vcxproj", "{E96B5D03-4122-4EDD-AE52-B735FAD8DD0A}"
	ProjectSection(ProjectDependencies) = postProject
		{20EEFACC-6334-49AE-AFE9-B4AB81715B42} = {20EEFACC-6334-49AE-AFE9-B4AB81715B42}
		{D824EC7E-5C3E-4980-B6A5-DF8FA730B468} = {D824EC7E-5C3E-4980-B6A5-DF8FA730B468}
		{259D6A34-699E-4C13-ACDE-8D7282C094EC} = {259D6A34-699E-4C13-ACDE-8D7282C094EC}
		{56F66D76-14E9-4888-83BF-6100506448C3} = {56F66D76-14E9-4888-83BF-6100506448C3}
		{8D487DDE-F5F1-4654-9C32-5DB8FFB17EDE} = {8D487DDE-F5F1-4654-9C32-5DB8FFB17EDE}
		{8C853827-4367-4E40-B2A5-90A888E66AF0} = {8C853827-4367-4E40-B2A5-90A888E66AF0}
		{CABAAB34-352D-4AF4-A2D7-F5B33A58BBE8} = {CABAAB34-352D-4AF4-A2D7-F5B33A58BBE8}
		{44BA1D74-143F-42D7-A149-49EB4759C90B} = {44BA1D74-143F-42D7-A149-49EB4759C90B}
		{B3E963E1-A7EC-45D0-88EB-E391EECC4342} = {B3E963E1-A7EC-45D0-88EB-E391EECC4342}
		{8C697CC7-8121-4DEE-8905-D97EB34DEABD} = {8C697CC7-8121-4DEE-8905-D97EB34DEABD}
		{EA34502A-7030-4940-BF21-5D0E6B18B1AB} = {EA34502A-7030-4940-BF21-5D0E6B18B1AB}
		{107B680F-DF38-4247-A36D-62D23007E1FB} = {107B680F-DF38-4247-A36D-62D23007E1FB}
		{1884F014-76C9-4E3A-B2B0-4F386145529E} = {1884F014-76C9-4E3A-B2B0-4F386145529E}
		{DC965B5D-350E-46A3-9197-9FBE150013CD} = {DC965B5D-350E-46A3-9197-9FBE150013CD}
		{4DE97FCC-9991-46DC-A839-6CA7C5EED7ED} = {4DE97FCC-9991-46DC-A839-6CA7C5EED7ED}
		{CAF6FED5-AEF2-4258-AF91-5A6233893878} = {CAF6FED5-AEF2-4258-AF91-5A6233893878}
		{CCCFAD1E-FC81-49EE-ABFD-0CC721DD4CC1} = {CCCFAD1E-FC81-49EE-ABFD-0CC721DD4CC1}
		{7DC8A21C-4559-41D7-9406-087C723C9703} = {7DC8A21C-4559-41D7-9406-087C723C9703}
		{15C75CD0-C71E-446B-9E8F-80685ACB9F1A} = {15C75CD0-C71E-446B-9E8F-80685ACB9F1A}
		{52917794-C7BD-40CD-B967-A3C090EB13E0} = {52917794-C7BD-40CD-B967-A3C090EB13E0}
	EndProjectSection
EndProject
Project("{8BC9CEB8-8B4A-11D0-8D11-00A0C91BC942}") = "INSTALL", "INSTALL.vcxproj", "{1080E1B0-6C56-470D-832D-9359376B337B}"
	ProjectSection(ProjectDependencies) = postProject
		{E96B5D03-4122-4EDD-AE52-B735FAD8DD0A} = {E96B5D03-4122-4EDD-AE52-B735FAD8DD0A}
	EndProjectSection
EndProject
Project("{8BC9CEB8-8B4A-11D0-8D11-00A0C91BC942}") = "ZERO_CHECK", "..\ZERO_CHECK.vcxproj", "{6262508C-6A47-456B-AD19-9CDCE441F315}"
	ProjectSection(ProjectDependencies) = postProject
	EndProjectSection
EndProject
Project("{8BC9CEB8-8B4A-11D0-8D11-00A0C91BC942}") = "dcm2pdf", "apps\dcm2pdf.vcxproj", "{20EEFACC-6334-49AE-AFE9-B4AB81715B42}"
	ProjectSection(ProjectDependencies) = postProject
		{6262508C-6A47-456B-AD19-9CDCE441F315} = {6262508C-6A47-456B-AD19-9CDCE441F315}
		{8D487DDE-F5F1-4654-9C32-5DB8FFB17EDE} = {8D487DDE-F5F1-4654-9C32-5DB8FFB17EDE}
		{66FC3C57-2C52-4176-BBB0-BE9358AD3B1E} = {66FC3C57-2C52-4176-BBB0-BE9358AD3B1E}
		{29C65B9A-9287-46E7-ACF2-521B8B9AD277} = {29C65B9A-9287-46E7-ACF2-521B8B9AD277}
	EndProjectSection
EndProject
Project("{8BC9CEB8-8B4A-11D0-8D11-00A0C91BC942}") = "dcm2xml", "apps\dcm2xml.vcxproj", "{D824EC7E-5C3E-4980-B6A5-DF8FA730B468}"
	ProjectSection(ProjectDependencies) = postProject
		{6262508C-6A47-456B-AD19-9CDCE441F315} = {6262508C-6A47-456B-AD19-9CDCE441F315}
		{8D487DDE-F5F1-4654-9C32-5DB8FFB17EDE} = {8D487DDE-F5F1-4654-9C32-5DB8FFB17EDE}
		{66FC3C57-2C52-4176-BBB0-BE9358AD3B1E} = {66FC3C57-2C52-4176-BBB0-BE9358AD3B1E}
		{29C65B9A-9287-46E7-ACF2-521B8B9AD277} = {29C65B9A-9287-46E7-ACF2-521B8B9AD277}
	EndProjectSection
EndProject
Project("{8BC9CEB8-8B4A-11D0-8D11-00A0C91BC942}") = "dcmconv", "apps\dcmconv.vcxproj", "{259D6A34-699E-4C13-ACDE-8D7282C094EC}"
	ProjectSection(ProjectDependencies) = postProject
		{6262508C-6A47-456B-AD19-9CDCE441F315} = {6262508C-6A47-456B-AD19-9CDCE441F315}
		{8D487DDE-F5F1-4654-9C32-5DB8FFB17EDE} = {8D487DDE-F5F1-4654-9C32-5DB8FFB17EDE}
		{66FC3C57-2C52-4176-BBB0-BE9358AD3B1E} = {66FC3C57-2C52-4176-BBB0-BE9358AD3B1E}
		{29C65B9A-9287-46E7-ACF2-521B8B9AD277} = {29C65B9A-9287-46E7-ACF2-521B8B9AD277}
	EndProjectSection
EndProject
Project("{8BC9CEB8-8B4A-11D0-8D11-00A0C91BC942}") = "dcmcrle", "apps\dcmcrle.vcxproj", "{56F66D76-14E9-4888-83BF-6100506448C3}"
	ProjectSection(ProjectDependencies) = postProject
		{6262508C-6A47-456B-AD19-9CDCE441F315} = {6262508C-6A47-456B-AD19-9CDCE441F315}
		{8D487DDE-F5F1-4654-9C32-5DB8FFB17EDE} = {8D487DDE-F5F1-4654-9C32-5DB8FFB17EDE}
		{66FC3C57-2C52-4176-BBB0-BE9358AD3B1E} = {66FC3C57-2C52-4176-BBB0-BE9358AD3B1E}
		{29C65B9A-9287-46E7-ACF2-521B8B9AD277} = {29C65B9A-9287-46E7-ACF2-521B8B9AD277}
	EndProjectSection
EndProject
Project("{8BC9CEB8-8B4A-11D0-8D11-00A0C91BC942}") = "dcmdata", "libsrc\dcmdata.vcxproj", "{8D487DDE-F5F1-4654-9C32-5DB8FFB17EDE}"
	ProjectSection(ProjectDependencies) = postProject
		{6262508C-6A47-456B-AD19-9CDCE441F315} = {6262508C-6A47-456B-AD19-9CDCE441F315}
	EndProjectSection
EndProject
Project("{8BC9CEB8-8B4A-11D0-8D11-00A0C91BC942}") = "dcmdrle", "apps\dcmdrle.vcxproj", "{8C853827-4367-4E40-B2A5-90A888E66AF0}"
	ProjectSection(ProjectDependencies) = postProject
		{6262508C-6A47-456B-AD19-9CDCE441F315} = {6262508C-6A47-456B-AD19-9CDCE441F315}
		{8D487DDE-F5F1-4654-9C32-5DB8FFB17EDE} = {8D487DDE-F5F1-4654-9C32-5DB8FFB17EDE}
		{66FC3C57-2C52-4176-BBB0-BE9358AD3B1E} = {66FC3C57-2C52-4176-BBB0-BE9358AD3B1E}
		{29C65B9A-9287-46E7-ACF2-521B8B9AD277} = {29C65B9A-9287-46E7-ACF2-521B8B9AD277}
	EndProjectSection
EndProject
Project("{8BC9CEB8-8B4A-11D0-8D11-00A0C91BC942}") = "dcmdump", "apps\dcmdump.vcxproj", "{CABAAB34-352D-4AF4-A2D7-F5B33A58BBE8}"
	ProjectSection(ProjectDependencies) = postProject
		{6262508C-6A47-456B-AD19-9CDCE441F315} = {6262508C-6A47-456B-AD19-9CDCE441F315}
		{8D487DDE-F5F1-4654-9C32-5DB8FFB17EDE} = {8D487DDE-F5F1-4654-9C32-5DB8FFB17EDE}
		{66FC3C57-2C52-4176-BBB0-BE9358AD3B1E} = {66FC3C57-2C52-4176-BBB0-BE9358AD3B1E}
		{29C65B9A-9287-46E7-ACF2-521B8B9AD277} = {29C65B9A-9287-46E7-ACF2-521B8B9AD277}
	EndProjectSection
EndProject
Project("{8BC9CEB8-8B4A-11D0-8D11-00A0C91BC942}") = "dcmftest", "apps\dcmftest.vcxproj", "{44BA1D74-143F-42D7-A149-49EB4759C90B}"
	ProjectSection(ProjectDependencies) = postProject
		{6262508C-6A47-456B-AD19-9CDCE441F315} = {6262508C-6A47-456B-AD19-9CDCE441F315}
		{29C65B9A-9287-46E7-ACF2-521B8B9AD277} = {29C65B9A-9287-46E7-ACF2-521B8B9AD277}
	EndProjectSection
EndProject
Project("{8BC9CEB8-8B4A-11D0-8D11-00A0C91BC942}") = "dcmgpdir", "apps\dcmgpdir.vcxproj", "{B3E963E1-A7EC-45D0-88EB-E391EECC4342}"
	ProjectSection(ProjectDependencies) = postProject
		{6262508C-6A47-456B-AD19-9CDCE441F315} = {6262508C-6A47-456B-AD19-9CDCE441F315}
		{8D487DDE-F5F1-4654-9C32-5DB8FFB17EDE} = {8D487DDE-F5F1-4654-9C32-5DB8FFB17EDE}
		{66FC3C57-2C52-4176-BBB0-BE9358AD3B1E} = {66FC3C57-2C52-4176-BBB0-BE9358AD3B1E}
		{29C65B9A-9287-46E7-ACF2-521B8B9AD277} = {29C65B9A-9287-46E7-ACF2-521B8B9AD277}
	EndProjectSection
EndProject
Project("{8BC9CEB8-8B4A-11D0-8D11-00A0C91BC942}") = "dcmodify", "apps\dcmodify.vcxproj", "{8C697CC7-8121-4DEE-8905-D97EB34DEABD}"
	ProjectSection(ProjectDependencies) = postProject
		{6262508C-6A47-456B-AD19-9CDCE441F315} = {6262508C-6A47-456B-AD19-9CDCE441F315}
		{8D487DDE-F5F1-4654-9C32-5DB8FFB17EDE} = {8D487DDE-F5F1-4654-9C32-5DB8FFB17EDE}
		{66FC3C57-2C52-4176-BBB0-BE9358AD3B1E} = {66FC3C57-2C52-4176-BBB0-BE9358AD3B1E}
		{29C65B9A-9287-46E7-ACF2-521B8B9AD277} = {29C65B9A-9287-46E7-ACF2-521B8B9AD277}
	EndProjectSection
EndProject
Project("{8BC9CEB8-8B4A-11D0-8D11-00A0C91BC942}") = "dump2dcm", "apps\dump2dcm.vcxproj", "{EA34502A-7030-4940-BF21-5D0E6B18B1AB}"
	ProjectSection(ProjectDependencies) = postProject
		{6262508C-6A47-456B-AD19-9CDCE441F315} = {6262508C-6A47-456B-AD19-9CDCE441F315}
		{8D487DDE-F5F1-4654-9C32-5DB8FFB17EDE} = {8D487DDE-F5F1-4654-9C32-5DB8FFB17EDE}
		{66FC3C57-2C52-4176-BBB0-BE9358AD3B1E} = {66FC3C57-2C52-4176-BBB0-BE9358AD3B1E}
		{29C65B9A-9287-46E7-ACF2-521B8B9AD277} = {29C65B9A-9287-46E7-ACF2-521B8B9AD277}
	EndProjectSection
EndProject
Project("{8BC9CEB8-8B4A-11D0-8D11-00A0C91BC942}") = "i2dbmp", "tests\i2dbmp.vcxproj", "{107B680F-DF38-4247-A36D-62D23007E1FB}"
	ProjectSection(ProjectDependencies) = postProject
		{6262508C-6A47-456B-AD19-9CDCE441F315} = {6262508C-6A47-456B-AD19-9CDCE441F315}
		{8D487DDE-F5F1-4654-9C32-5DB8FFB17EDE} = {8D487DDE-F5F1-4654-9C32-5DB8FFB17EDE}
		{DC965B5D-350E-46A3-9197-9FBE150013CD} = {DC965B5D-350E-46A3-9197-9FBE150013CD}
		{66FC3C57-2C52-4176-BBB0-BE9358AD3B1E} = {66FC3C57-2C52-4176-BBB0-BE9358AD3B1E}
		{29C65B9A-9287-46E7-ACF2-521B8B9AD277} = {29C65B9A-9287-46E7-ACF2-521B8B9AD277}
	EndProjectSection
EndProject
Project("{8BC9CEB8-8B4A-11D0-8D11-00A0C91BC942}") = "img2dcm", "apps\img2dcm.vcxproj", "{1884F014-76C9-4E3A-B2B0-4F386145529E}"
	ProjectSection(ProjectDependencies) = postProject
		{6262508C-6A47-456B-AD19-9CDCE441F315} = {6262508C-6A47-456B-AD19-9CDCE441F315}
		{8D487DDE-F5F1-4654-9C32-5DB8FFB17EDE} = {8D487DDE-F5F1-4654-9C32-5DB8FFB17EDE}
		{DC965B5D-350E-46A3-9197-9FBE150013CD} = {DC965B5D-350E-46A3-9197-9FBE150013CD}
		{66FC3C57-2C52-4176-BBB0-BE9358AD3B1E} = {66FC3C57-2C52-4176-BBB0-BE9358AD3B1E}
		{29C65B9A-9287-46E7-ACF2-521B8B9AD277} = {29C65B9A-9287-46E7-ACF2-521B8B9AD277}
	EndProjectSection
EndProject
Project("{8BC9CEB8-8B4A-11D0-8D11-00A0C91BC942}") = "libi2d", "libi2d\libi2d.vcxproj", "{DC965B5D-350E-46A3-9197-9FBE150013CD}"
	ProjectSection(ProjectDependencies) = postProject
		{6262508C-6A47-456B-AD19-9CDCE441F315} = {6262508C-6A47-456B-AD19-9CDCE441F315}
	EndProjectSection
EndProject
Project("{8BC9CEB8-8B4A-11D0-8D11-00A0C91BC942}") = "oflog", "..\oflog\libsrc\oflog.vcxproj", "{66FC3C57-2C52-4176-BBB0-BE9358AD3B1E}"
	ProjectSection(ProjectDependencies) = postProject
		{6262508C-6A47-456B-AD19-9CDCE441F315} = {6262508C-6A47-456B-AD19-9CDCE441F315}
	EndProjectSection
EndProject
Project("{8BC9CEB8-8B4A-11D0-8D11-00A0C91BC942}") = "ofstd", "..\ofstd\libsrc\ofstd.vcxproj", "{29C65B9A-9287-46E7-ACF2-521B8B9AD277}"
	ProjectSection(ProjectDependencies) = postProject
		{6262508C-6A47-456B-AD19-9CDCE441F315} = {6262508C-6A47-456B-AD19-9CDCE441F315}
	EndProjectSection
EndProject
Project("{8BC9CEB8-8B4A-11D0-8D11-00A0C91BC942}") = "pdf2dcm", "apps\pdf2dcm.vcxproj", "{4DE97FCC-9991-46DC-A839-6CA7C5EED7ED}"
	ProjectSection(ProjectDependencies) = postProject
		{6262508C-6A47-456B-AD19-9CDCE441F315} = {6262508C-6A47-456B-AD19-9CDCE441F315}
		{8D487DDE-F5F1-4654-9C32-5DB8FFB17EDE} = {8D487DDE-F5F1-4654-9C32-5DB8FFB17EDE}
		{66FC3C57-2C52-4176-BBB0-BE9358AD3B1E} = {66FC3C57-2C52-4176-BBB0-BE9358AD3B1E}
		{29C65B9A-9287-46E7-ACF2-521B8B9AD277} = {29C65B9A-9287-46E7-ACF2-521B8B9AD277}
	EndProjectSection
EndProject
Project("{8BC9CEB8-8B4A-11D0-8D11-00A0C91BC942}") = "tstchval", "tests\tstchval.vcxproj", "{CAF6FED5-AEF2-4258-AF91-5A6233893878}"
	ProjectSection(ProjectDependencies) = postProject
		{6262508C-6A47-456B-AD19-9CDCE441F315} = {6262508C-6A47-456B-AD19-9CDCE441F315}
		{8D487DDE-F5F1-4654-9C32-5DB8FFB17EDE} = {8D487DDE-F5F1-4654-9C32-5DB8FFB17EDE}
		{66FC3C57-2C52-4176-BBB0-BE9358AD3B1E} = {66FC3C57-2C52-4176-BBB0-BE9358AD3B1E}
		{29C65B9A-9287-46E7-ACF2-521B8B9AD277} = {29C65B9A-9287-46E7-ACF2-521B8B9AD277}
	EndProjectSection
EndProject
Project("{8BC9CEB8-8B4A-11D0-8D11-00A0C91BC942}") = "tstpath", "tests\tstpath.vcxproj", "{CCCFAD1E-FC81-49EE-ABFD-0CC721DD4CC1}"
	ProjectSection(ProjectDependencies) = postProject
		{6262508C-6A47-456B-AD19-9CDCE441F315} = {6262508C-6A47-456B-AD19-9CDCE441F315}
		{8D487DDE-F5F1-4654-9C32-5DB8FFB17EDE} = {8D487DDE-F5F1-4654-9C32-5DB8FFB17EDE}
		{66FC3C57-2C52-4176-BBB0-BE9358AD3B1E} = {66FC3C57-2C52-4176-BBB0-BE9358AD3B1E}
		{29C65B9A-9287-46E7-ACF2-521B8B9AD277} = {29C65B9A-9287-46E7-ACF2-521B8B9AD277}
	EndProjectSection
EndProject
Project("{8BC9CEB8-8B4A-11D0-8D11-00A0C91BC942}") = "tstpread", "tests\tstpread.vcxproj", "{7DC8A21C-4559-41D7-9406-087C723C9703}"
	ProjectSection(ProjectDependencies) = postProject
		{6262508C-6A47-456B-AD19-9CDCE441F315} = {6262508C-6A47-456B-AD19-9CDCE441F315}
		{8D487DDE-F5F1-4654-9C32-5DB8FFB17EDE} = {8D487DDE-F5F1-4654-9C32-5DB8FFB17EDE}
		{66FC3C57-2C52-4176-BBB0-BE9358AD3B1E} = {66FC3C57-2C52-4176-BBB0-BE9358AD3B1E}
		{29C65B9A-9287-46E7-ACF2-521B8B9AD277} = {29C65B9A-9287-46E7-ACF2-521B8B9AD277}
	EndProjectSection
EndProject
Project("{8BC9CEB8-8B4A-11D0-8D11-00A0C91BC942}") = "tvrdatim", "tests\tvrdatim.vcxproj", "{15C75CD0-C71E-446B-9E8F-80685ACB9F1A}"
	ProjectSection(ProjectDependencies) = postProject
		{6262508C-6A47-456B-AD19-9CDCE441F315} = {6262508C-6A47-456B-AD19-9CDCE441F315}
		{8D487DDE-F5F1-4654-9C32-5DB8FFB17EDE} = {8D487DDE-F5F1-4654-9C32-5DB8FFB17EDE}
		{66FC3C57-2C52-4176-BBB0-BE9358AD3B1E} = {66FC3C57-2C52-4176-BBB0-BE9358AD3B1E}
		{29C65B9A-9287-46E7-ACF2-521B8B9AD277} = {29C65B9A-9287-46E7-ACF2-521B8B9AD277}
	EndProjectSection
EndProject
Project("{8BC9CEB8-8B4A-11D0-8D11-00A0C91BC942}") = "xml2dcm", "apps\xml2dcm.vcxproj", "{52917794-C7BD-40CD-B967-A3C090EB13E0}"
	ProjectSection(ProjectDependencies) = postProject
		{6262508C-6A47-456B-AD19-9CDCE441F315} = {6262508C-6A47-456B-AD19-9CDCE441F315}
		{8D487DDE-F5F1-4654-9C32-5DB8FFB17EDE} = {8D487DDE-F5F1-4654-9C32-5DB8FFB17EDE}
		{66FC3C57-2C52-4176-BBB0-BE9358AD3B1E} = {66FC3C57-2C52-4176-BBB0-BE9358AD3B1E}
		{29C65B9A-9287-46E7-ACF2-521B8B9AD277} = {29C65B9A-9287-46E7-ACF2-521B8B9AD277}
	EndProjectSection
EndProject
Global
	GlobalSection(SolutionConfigurationPlatforms) = preSolution
		Debug|Win32 = Debug|Win32
		Release|Win32 = Release|Win32
		MinSizeRel|Win32 = MinSizeRel|Win32
		RelWithDebInfo|Win32 = RelWithDebInfo|Win32
	EndGlobalSection
	GlobalSection(ProjectConfigurationPlatforms) = postSolution
		{E96B5D03-4122-4EDD-AE52-B735FAD8DD0A}.Debug|Win32.ActiveCfg = Debug|Win32
		{E96B5D03-4122-4EDD-AE52-B735FAD8DD0A}.Debug|Win32.Build.0 = Debug|Win32
		{E96B5D03-4122-4EDD-AE52-B735FAD8DD0A}.Release|Win32.ActiveCfg = Release|Win32
		{E96B5D03-4122-4EDD-AE52-B735FAD8DD0A}.Release|Win32.Build.0 = Release|Win32
		{E96B5D03-4122-4EDD-AE52-B735FAD8DD0A}.MinSizeRel|Win32.ActiveCfg = MinSizeRel|Win32
		{E96B5D03-4122-4EDD-AE52-B735FAD8DD0A}.MinSizeRel|Win32.Build.0 = MinSizeRel|Win32
		{E96B5D03-4122-4EDD-AE52-B735FAD8DD0A}.RelWithDebInfo|Win32.ActiveCfg = RelWithDebInfo|Win32
		{E96B5D03-4122-4EDD-AE52-B735FAD8DD0A}.RelWithDebInfo|Win32.Build.0 = RelWithDebInfo|Win32
		{1080E1B0-6C56-470D-832D-9359376B337B}.Debug|Win32.ActiveCfg = Debug|Win32
		{1080E1B0-6C56-470D-832D-9359376B337B}.Release|Win32.ActiveCfg = Release|Win32
		{1080E1B0-6C56-470D-832D-9359376B337B}.MinSizeRel|Win32.ActiveCfg = MinSizeRel|Win32
		{1080E1B0-6C56-470D-832D-9359376B337B}.RelWithDebInfo|Win32.ActiveCfg = RelWithDebInfo|Win32
		{6262508C-6A47-456B-AD19-9CDCE441F315}.Debug|Win32.ActiveCfg = Debug|Win32
		{6262508C-6A47-456B-AD19-9CDCE441F315}.Debug|Win32.Build.0 = Debug|Win32
		{6262508C-6A47-456B-AD19-9CDCE441F315}.Release|Win32.ActiveCfg = Release|Win32
		{6262508C-6A47-456B-AD19-9CDCE441F315}.Release|Win32.Build.0 = Release|Win32
		{6262508C-6A47-456B-AD19-9CDCE441F315}.MinSizeRel|Win32.ActiveCfg = MinSizeRel|Win32
		{6262508C-6A47-456B-AD19-9CDCE441F315}.MinSizeRel|Win32.Build.0 = MinSizeRel|Win32
		{6262508C-6A47-456B-AD19-9CDCE441F315}.RelWithDebInfo|Win32.ActiveCfg = RelWithDebInfo|Win32
		{6262508C-6A47-456B-AD19-9CDCE441F315}.RelWithDebInfo|Win32.Build.0 = RelWithDebInfo|Win32
		{20EEFACC-6334-49AE-AFE9-B4AB81715B42}.Debug|Win32.ActiveCfg = Debug|Win32
		{20EEFACC-6334-49AE-AFE9-B4AB81715B42}.Debug|Win32.Build.0 = Debug|Win32
		{20EEFACC-6334-49AE-AFE9-B4AB81715B42}.Release|Win32.ActiveCfg = Release|Win32
		{20EEFACC-6334-49AE-AFE9-B4AB81715B42}.Release|Win32.Build.0 = Release|Win32
		{20EEFACC-6334-49AE-AFE9-B4AB81715B42}.MinSizeRel|Win32.ActiveCfg = MinSizeRel|Win32
		{20EEFACC-6334-49AE-AFE9-B4AB81715B42}.MinSizeRel|Win32.Build.0 = MinSizeRel|Win32
		{20EEFACC-6334-49AE-AFE9-B4AB81715B42}.RelWithDebInfo|Win32.ActiveCfg = RelWithDebInfo|Win32
		{20EEFACC-6334-49AE-AFE9-B4AB81715B42}.RelWithDebInfo|Win32.Build.0 = RelWithDebInfo|Win32
		{D824EC7E-5C3E-4980-B6A5-DF8FA730B468}.Debug|Win32.ActiveCfg = Debug|Win32
		{D824EC7E-5C3E-4980-B6A5-DF8FA730B468}.Debug|Win32.Build.0 = Debug|Win32
		{D824EC7E-5C3E-4980-B6A5-DF8FA730B468}.Release|Win32.ActiveCfg = Release|Win32
		{D824EC7E-5C3E-4980-B6A5-DF8FA730B468}.Release|Win32.Build.0 = Release|Win32
		{D824EC7E-5C3E-4980-B6A5-DF8FA730B468}.MinSizeRel|Win32.ActiveCfg = MinSizeRel|Win32
		{D824EC7E-5C3E-4980-B6A5-DF8FA730B468}.MinSizeRel|Win32.Build.0 = MinSizeRel|Win32
		{D824EC7E-5C3E-4980-B6A5-DF8FA730B468}.RelWithDebInfo|Win32.ActiveCfg = RelWithDebInfo|Win32
		{D824EC7E-5C3E-4980-B6A5-DF8FA730B468}.RelWithDebInfo|Win32.Build.0 = RelWithDebInfo|Win32
		{259D6A34-699E-4C13-ACDE-8D7282C094EC}.Debug|Win32.ActiveCfg = Debug|Win32
		{259D6A34-699E-4C13-ACDE-8D7282C094EC}.Debug|Win32.Build.0 = Debug|Win32
		{259D6A34-699E-4C13-ACDE-8D7282C094EC}.Release|Win32.ActiveCfg = Release|Win32
		{259D6A34-699E-4C13-ACDE-8D7282C094EC}.Release|Win32.Build.0 = Release|Win32
		{259D6A34-699E-4C13-ACDE-8D7282C094EC}.MinSizeRel|Win32.ActiveCfg = MinSizeRel|Win32
		{259D6A34-699E-4C13-ACDE-8D7282C094EC}.MinSizeRel|Win32.Build.0 = MinSizeRel|Win32
		{259D6A34-699E-4C13-ACDE-8D7282C094EC}.RelWithDebInfo|Win32.ActiveCfg = RelWithDebInfo|Win32
		{259D6A34-699E-4C13-ACDE-8D7282C094EC}.RelWithDebInfo|Win32.Build.0 = RelWithDebInfo|Win32
		{56F66D76-14E9-4888-83BF-6100506448C3}.Debug|Win32.ActiveCfg = Debug|Win32
		{56F66D76-14E9-4888-83BF-6100506448C3}.Debug|Win32.Build.0 = Debug|Win32
		{56F66D76-14E9-4888-83BF-6100506448C3}.Release|Win32.ActiveCfg = Release|Win32
		{56F66D76-14E9-4888-83BF-6100506448C3}.Release|Win32.Build.0 = Release|Win32
		{56F66D76-14E9-4888-83BF-6100506448C3}.MinSizeRel|Win32.ActiveCfg = MinSizeRel|Win32
		{56F66D76-14E9-4888-83BF-6100506448C3}.MinSizeRel|Win32.Build.0 = MinSizeRel|Win32
		{56F66D76-14E9-4888-83BF-6100506448C3}.RelWithDebInfo|Win32.ActiveCfg = RelWithDebInfo|Win32
		{56F66D76-14E9-4888-83BF-6100506448C3}.RelWithDebInfo|Win32.Build.0 = RelWithDebInfo|Win32
		{8D487DDE-F5F1-4654-9C32-5DB8FFB17EDE}.Debug|Win32.ActiveCfg = Debug|Win32
		{8D487DDE-F5F1-4654-9C32-5DB8FFB17EDE}.Debug|Win32.Build.0 = Debug|Win32
		{8D487DDE-F5F1-4654-9C32-5DB8FFB17EDE}.Release|Win32.ActiveCfg = Release|Win32
		{8D487DDE-F5F1-4654-9C32-5DB8FFB17EDE}.Release|Win32.Build.0 = Release|Win32
		{8D487DDE-F5F1-4654-9C32-5DB8FFB17EDE}.MinSizeRel|Win32.ActiveCfg = MinSizeRel|Win32
		{8D487DDE-F5F1-4654-9C32-5DB8FFB17EDE}.MinSizeRel|Win32.Build.0 = MinSizeRel|Win32
		{8D487DDE-F5F1-4654-9C32-5DB8FFB17EDE}.RelWithDebInfo|Win32.ActiveCfg = RelWithDebInfo|Win32
		{8D487DDE-F5F1-4654-9C32-5DB8FFB17EDE}.RelWithDebInfo|Win32.Build.0 = RelWithDebInfo|Win32
		{8C853827-4367-4E40-B2A5-90A888E66AF0}.Debug|Win32.ActiveCfg = Debug|Win32
		{8C853827-4367-4E40-B2A5-90A888E66AF0}.Debug|Win32.Build.0 = Debug|Win32
		{8C853827-4367-4E40-B2A5-90A888E66AF0}.Release|Win32.ActiveCfg = Release|Win32
		{8C853827-4367-4E40-B2A5-90A888E66AF0}.Release|Win32.Build.0 = Release|Win32
		{8C853827-4367-4E40-B2A5-90A888E66AF0}.MinSizeRel|Win32.ActiveCfg = MinSizeRel|Win32
		{8C853827-4367-4E40-B2A5-90A888E66AF0}.MinSizeRel|Win32.Build.0 = MinSizeRel|Win32
		{8C853827-4367-4E40-B2A5-90A888E66AF0}.RelWithDebInfo|Win32.ActiveCfg = RelWithDebInfo|Win32
		{8C853827-4367-4E40-B2A5-90A888E66AF0}.RelWithDebInfo|Win32.Build.0 = RelWithDebInfo|Win32
		{CABAAB34-352D-4AF4-A2D7-F5B33A58BBE8}.Debug|Win32.ActiveCfg = Debug|Win32
		{CABAAB34-352D-4AF4-A2D7-F5B33A58BBE8}.Debug|Win32.Build.0 = Debug|Win32
		{CABAAB34-352D-4AF4-A2D7-F5B33A58BBE8}.Release|Win32.ActiveCfg = Release|Win32
		{CABAAB34-352D-4AF4-A2D7-F5B33A58BBE8}.Release|Win32.Build.0 = Release|Win32
		{CABAAB34-352D-4AF4-A2D7-F5B33A58BBE8}.MinSizeRel|Win32.ActiveCfg = MinSizeRel|Win32
		{CABAAB34-352D-4AF4-A2D7-F5B33A58BBE8}.MinSizeRel|Win32.Build.0 = MinSizeRel|Win32
		{CABAAB34-352D-4AF4-A2D7-F5B33A58BBE8}.RelWithDebInfo|Win32.ActiveCfg = RelWithDebInfo|Win32
		{CABAAB34-352D-4AF4-A2D7-F5B33A58BBE8}.RelWithDebInfo|Win32.Build.0 = RelWithDebInfo|Win32
		{44BA1D74-143F-42D7-A149-49EB4759C90B}.Debug|Win32.ActiveCfg = Debug|Win32
		{44BA1D74-143F-42D7-A149-49EB4759C90B}.Debug|Win32.Build.0 = Debug|Win32
		{44BA1D74-143F-42D7-A149-49EB4759C90B}.Release|Win32.ActiveCfg = Release|Win32
		{44BA1D74-143F-42D7-A149-49EB4759C90B}.Release|Win32.Build.0 = Release|Win32
		{44BA1D74-143F-42D7-A149-49EB4759C90B}.MinSizeRel|Win32.ActiveCfg = MinSizeRel|Win32
		{44BA1D74-143F-42D7-A149-49EB4759C90B}.MinSizeRel|Win32.Build.0 = MinSizeRel|Win32
		{44BA1D74-143F-42D7-A149-49EB4759C90B}.RelWithDebInfo|Win32.ActiveCfg = RelWithDebInfo|Win32
		{44BA1D74-143F-42D7-A149-49EB4759C90B}.RelWithDebInfo|Win32.Build.0 = RelWithDebInfo|Win32
		{B3E963E1-A7EC-45D0-88EB-E391EECC4342}.Debug|Win32.ActiveCfg = Debug|Win32
		{B3E963E1-A7EC-45D0-88EB-E391EECC4342}.Debug|Win32.Build.0 = Debug|Win32
		{B3E963E1-A7EC-45D0-88EB-E391EECC4342}.Release|Win32.ActiveCfg = Release|Win32
		{B3E963E1-A7EC-45D0-88EB-E391EECC4342}.Release|Win32.Build.0 = Release|Win32
		{B3E963E1-A7EC-45D0-88EB-E391EECC4342}.MinSizeRel|Win32.ActiveCfg = MinSizeRel|Win32
		{B3E963E1-A7EC-45D0-88EB-E391EECC4342}.MinSizeRel|Win32.Build.0 = MinSizeRel|Win32
		{B3E963E1-A7EC-45D0-88EB-E391EECC4342}.RelWithDebInfo|Win32.ActiveCfg = RelWithDebInfo|Win32
		{B3E963E1-A7EC-45D0-88EB-E391EECC4342}.RelWithDebInfo|Win32.Build.0 = RelWithDebInfo|Win32
		{8C697CC7-8121-4DEE-8905-D97EB34DEABD}.Debug|Win32.ActiveCfg = Debug|Win32
		{8C697CC7-8121-4DEE-8905-D97EB34DEABD}.Debug|Win32.Build.0 = Debug|Win32
		{8C697CC7-8121-4DEE-8905-D97EB34DEABD}.Release|Win32.ActiveCfg = Release|Win32
		{8C697CC7-8121-4DEE-8905-D97EB34DEABD}.Release|Win32.Build.0 = Release|Win32
		{8C697CC7-8121-4DEE-8905-D97EB34DEABD}.MinSizeRel|Win32.ActiveCfg = MinSizeRel|Win32
		{8C697CC7-8121-4DEE-8905-D97EB34DEABD}.MinSizeRel|Win32.Build.0 = MinSizeRel|Win32
		{8C697CC7-8121-4DEE-8905-D97EB34DEABD}.RelWithDebInfo|Win32.ActiveCfg = RelWithDebInfo|Win32
		{8C697CC7-8121-4DEE-8905-D97EB34DEABD}.RelWithDebInfo|Win32.Build.0 = RelWithDebInfo|Win32
		{EA34502A-7030-4940-BF21-5D0E6B18B1AB}.Debug|Win32.ActiveCfg = Debug|Win32
		{EA34502A-7030-4940-BF21-5D0E6B18B1AB}.Debug|Win32.Build.0 = Debug|Win32
		{EA34502A-7030-4940-BF21-5D0E6B18B1AB}.Release|Win32.ActiveCfg = Release|Win32
		{EA34502A-7030-4940-BF21-5D0E6B18B1AB}.Release|Win32.Build.0 = Release|Win32
		{EA34502A-7030-4940-BF21-5D0E6B18B1AB}.MinSizeRel|Win32.ActiveCfg = MinSizeRel|Win32
		{EA34502A-7030-4940-BF21-5D0E6B18B1AB}.MinSizeRel|Win32.Build.0 = MinSizeRel|Win32
		{EA34502A-7030-4940-BF21-5D0E6B18B1AB}.RelWithDebInfo|Win32.ActiveCfg = RelWithDebInfo|Win32
		{EA34502A-7030-4940-BF21-5D0E6B18B1AB}.RelWithDebInfo|Win32.Build.0 = RelWithDebInfo|Win32
		{107B680F-DF38-4247-A36D-62D23007E1FB}.Debug|Win32.ActiveCfg = Debug|Win32
		{107B680F-DF38-4247-A36D-62D23007E1FB}.Debug|Win32.Build.0 = Debug|Win32
		{107B680F-DF38-4247-A36D-62D23007E1FB}.Release|Win32.ActiveCfg = Release|Win32
		{107B680F-DF38-4247-A36D-62D23007E1FB}.Release|Win32.Build.0 = Release|Win32
		{107B680F-DF38-4247-A36D-62D23007E1FB}.MinSizeRel|Win32.ActiveCfg = MinSizeRel|Win32
		{107B680F-DF38-4247-A36D-62D23007E1FB}.MinSizeRel|Win32.Build.0 = MinSizeRel|Win32
		{107B680F-DF38-4247-A36D-62D23007E1FB}.RelWithDebInfo|Win32.ActiveCfg = RelWithDebInfo|Win32
		{107B680F-DF38-4247-A36D-62D23007E1FB}.RelWithDebInfo|Win32.Build.0 = RelWithDebInfo|Win32
		{1884F014-76C9-4E3A-B2B0-4F386145529E}.Debug|Win32.ActiveCfg = Debug|Win32
		{1884F014-76C9-4E3A-B2B0-4F386145529E}.Debug|Win32.Build.0 = Debug|Win32
		{1884F014-76C9-4E3A-B2B0-4F386145529E}.Release|Win32.ActiveCfg = Release|Win32
		{1884F014-76C9-4E3A-B2B0-4F386145529E}.Release|Win32.Build.0 = Release|Win32
		{1884F014-76C9-4E3A-B2B0-4F386145529E}.MinSizeRel|Win32.ActiveCfg = MinSizeRel|Win32
		{1884F014-76C9-4E3A-B2B0-4F386145529E}.MinSizeRel|Win32.Build.0 = MinSizeRel|Win32
		{1884F014-76C9-4E3A-B2B0-4F386145529E}.RelWithDebInfo|Win32.ActiveCfg = RelWithDebInfo|Win32
		{1884F014-76C9-4E3A-B2B0-4F386145529E}.RelWithDebInfo|Win32.Build.0 = RelWithDebInfo|Win32
		{DC965B5D-350E-46A3-9197-9FBE150013CD}.Debug|Win32.ActiveCfg = Debug|Win32
		{DC965B5D-350E-46A3-9197-9FBE150013CD}.Debug|Win32.Build.0 = Debug|Win32
		{DC965B5D-350E-46A3-9197-9FBE150013CD}.Release|Win32.ActiveCfg = Release|Win32
		{DC965B5D-350E-46A3-9197-9FBE150013CD}.Release|Win32.Build.0 = Release|Win32
		{DC965B5D-350E-46A3-9197-9FBE150013CD}.MinSizeRel|Win32.ActiveCfg = MinSizeRel|Win32
		{DC965B5D-350E-46A3-9197-9FBE150013CD}.MinSizeRel|Win32.Build.0 = MinSizeRel|Win32
		{DC965B5D-350E-46A3-9197-9FBE150013CD}.RelWithDebInfo|Win32.ActiveCfg = RelWithDebInfo|Win32
		{DC965B5D-350E-46A3-9197-9FBE150013CD}.RelWithDebInfo|Win32.Build.0 = RelWithDebInfo|Win32
		{66FC3C57-2C52-4176-BBB0-BE9358AD3B1E}.Debug|Win32.ActiveCfg = Debug|Win32
		{66FC3C57-2C52-4176-BBB0-BE9358AD3B1E}.Debug|Win32.Build.0 = Debug|Win32
		{66FC3C57-2C52-4176-BBB0-BE9358AD3B1E}.Release|Win32.ActiveCfg = Release|Win32
		{66FC3C57-2C52-4176-BBB0-BE9358AD3B1E}.Release|Win32.Build.0 = Release|Win32
		{66FC3C57-2C52-4176-BBB0-BE9358AD3B1E}.MinSizeRel|Win32.ActiveCfg = MinSizeRel|Win32
		{66FC3C57-2C52-4176-BBB0-BE9358AD3B1E}.MinSizeRel|Win32.Build.0 = MinSizeRel|Win32
		{66FC3C57-2C52-4176-BBB0-BE9358AD3B1E}.RelWithDebInfo|Win32.ActiveCfg = RelWithDebInfo|Win32
		{66FC3C57-2C52-4176-BBB0-BE9358AD3B1E}.RelWithDebInfo|Win32.Build.0 = RelWithDebInfo|Win32
		{29C65B9A-9287-46E7-ACF2-521B8B9AD277}.Debug|Win32.ActiveCfg = Debug|Win32
		{29C65B9A-9287-46E7-ACF2-521B8B9AD277}.Debug|Win32.Build.0 = Debug|Win32
		{29C65B9A-9287-46E7-ACF2-521B8B9AD277}.Release|Win32.ActiveCfg = Release|Win32
		{29C65B9A-9287-46E7-ACF2-521B8B9AD277}.Release|Win32.Build.0 = Release|Win32
		{29C65B9A-9287-46E7-ACF2-521B8B9AD277}.MinSizeRel|Win32.ActiveCfg = MinSizeRel|Win32
		{29C65B9A-9287-46E7-ACF2-521B8B9AD277}.MinSizeRel|Win32.Build.0 = MinSizeRel|Win32
		{29C65B9A-9287-46E7-ACF2-521B8B9AD277}.RelWithDebInfo|Win32.ActiveCfg = RelWithDebInfo|Win32
		{29C65B9A-9287-46E7-ACF2-521B8B9AD277}.RelWithDebInfo|Win32.Build.0 = RelWithDebInfo|Win32
		{4DE97FCC-9991-46DC-A839-6CA7C5EED7ED}.Debug|Win32.ActiveCfg = Debug|Win32
		{4DE97FCC-9991-46DC-A839-6CA7C5EED7ED}.Debug|Win32.Build.0 = Debug|Win32
		{4DE97FCC-9991-46DC-A839-6CA7C5EED7ED}.Release|Win32.ActiveCfg = Release|Win32
		{4DE97FCC-9991-46DC-A839-6CA7C5EED7ED}.Release|Win32.Build.0 = Release|Win32
		{4DE97FCC-9991-46DC-A839-6CA7C5EED7ED}.MinSizeRel|Win32.ActiveCfg = MinSizeRel|Win32
		{4DE97FCC-9991-46DC-A839-6CA7C5EED7ED}.MinSizeRel|Win32.Build.0 = MinSizeRel|Win32
		{4DE97FCC-9991-46DC-A839-6CA7C5EED7ED}.RelWithDebInfo|Win32.ActiveCfg = RelWithDebInfo|Win32
		{4DE97FCC-9991-46DC-A839-6CA7C5EED7ED}.RelWithDebInfo|Win32.Build.0 = RelWithDebInfo|Win32
		{CAF6FED5-AEF2-4258-AF91-5A6233893878}.Debug|Win32.ActiveCfg = Debug|Win32
		{CAF6FED5-AEF2-4258-AF91-5A6233893878}.Debug|Win32.Build.0 = Debug|Win32
		{CAF6FED5-AEF2-4258-AF91-5A6233893878}.Release|Win32.ActiveCfg = Release|Win32
		{CAF6FED5-AEF2-4258-AF91-5A6233893878}.Release|Win32.Build.0 = Release|Win32
		{CAF6FED5-AEF2-4258-AF91-5A6233893878}.MinSizeRel|Win32.ActiveCfg = MinSizeRel|Win32
		{CAF6FED5-AEF2-4258-AF91-5A6233893878}.MinSizeRel|Win32.Build.0 = MinSizeRel|Win32
		{CAF6FED5-AEF2-4258-AF91-5A6233893878}.RelWithDebInfo|Win32.ActiveCfg = RelWithDebInfo|Win32
		{CAF6FED5-AEF2-4258-AF91-5A6233893878}.RelWithDebInfo|Win32.Build.0 = RelWithDebInfo|Win32
		{CCCFAD1E-FC81-49EE-ABFD-0CC721DD4CC1}.Debug|Win32.ActiveCfg = Debug|Win32
		{CCCFAD1E-FC81-49EE-ABFD-0CC721DD4CC1}.Debug|Win32.Build.0 = Debug|Win32
		{CCCFAD1E-FC81-49EE-ABFD-0CC721DD4CC1}.Release|Win32.ActiveCfg = Release|Win32
		{CCCFAD1E-FC81-49EE-ABFD-0CC721DD4CC1}.Release|Win32.Build.0 = Release|Win32
		{CCCFAD1E-FC81-49EE-ABFD-0CC721DD4CC1}.MinSizeRel|Win32.ActiveCfg = MinSizeRel|Win32
		{CCCFAD1E-FC81-49EE-ABFD-0CC721DD4CC1}.MinSizeRel|Win32.Build.0 = MinSizeRel|Win32
		{CCCFAD1E-FC81-49EE-ABFD-0CC721DD4CC1}.RelWithDebInfo|Win32.ActiveCfg = RelWithDebInfo|Win32
		{CCCFAD1E-FC81-49EE-ABFD-0CC721DD4CC1}.RelWithDebInfo|Win32.Build.0 = RelWithDebInfo|Win32
		{7DC8A21C-4559-41D7-9406-087C723C9703}.Debug|Win32.ActiveCfg = Debug|Win32
		{7DC8A21C-4559-41D7-9406-087C723C9703}.Debug|Win32.Build.0 = Debug|Win32
		{7DC8A21C-4559-41D7-9406-087C723C9703}.Release|Win32.ActiveCfg = Release|Win32
		{7DC8A21C-4559-41D7-9406-087C723C9703}.Release|Win32.Build.0 = Release|Win32
		{7DC8A21C-4559-41D7-9406-087C723C9703}.MinSizeRel|Win32.ActiveCfg = MinSizeRel|Win32
		{7DC8A21C-4559-41D7-9406-087C723C9703}.MinSizeRel|Win32.Build.0 = MinSizeRel|Win32
		{7DC8A21C-4559-41D7-9406-087C723C9703}.RelWithDebInfo|Win32.ActiveCfg = RelWithDebInfo|Win32
		{7DC8A21C-4559-41D7-9406-087C723C9703}.RelWithDebInfo|Win32.Build.0 = RelWithDebInfo|Win32
		{15C75CD0-C71E-446B-9E8F-80685ACB9F1A}.Debug|Win32.ActiveCfg = Debug|Win32
		{15C75CD0-C71E-446B-9E8F-80685ACB9F1A}.Debug|Win32.Build.0 = Debug|Win32
		{15C75CD0-C71E-446B-9E8F-80685ACB9F1A}.Release|Win32.ActiveCfg = Release|Win32
		{15C75CD0-C71E-446B-9E8F-80685ACB9F1A}.Release|Win32.Build.0 = Release|Win32
		{15C75CD0-C71E-446B-9E8F-80685ACB9F1A}.MinSizeRel|Win32.ActiveCfg = MinSizeRel|Win32
		{15C75CD0-C71E-446B-9E8F-80685ACB9F1A}.MinSizeRel|Win32.Build.0 = MinSizeRel|Win32
		{15C75CD0-C71E-446B-9E8F-80685ACB9F1A}.RelWithDebInfo|Win32.ActiveCfg = RelWithDebInfo|Win32
		{15C75CD0-C71E-446B-9E8F-80685ACB9F1A}.RelWithDebInfo|Win32.Build.0 = RelWithDebInfo|Win32
		{52917794-C7BD-40CD-B967-A3C090EB13E0}.Debug|Win32.ActiveCfg = Debug|Win32
		{52917794-C7BD-40CD-B967-A3C090EB13E0}.Debug|Win32.Build.0 = Debug|Win32
		{52917794-C7BD-40CD-B967-A3C090EB13E0}.Release|Win32.ActiveCfg = Release|Win32
		{52917794-C7BD-40CD-B967-A3C090EB13E0}.Release|Win32.Build.0 = Release|Win32
		{52917794-C7BD-40CD-B967-A3C090EB13E0}.MinSizeRel|Win32.ActiveCfg = MinSizeRel|Win32
		{52917794-C7BD-40CD-B967-A3C090EB13E0}.MinSizeRel|Win32.Build.0 = MinSizeRel|Win32
		{52917794-C7BD-40CD-B967-A3C090EB13E0}.RelWithDebInfo|Win32.ActiveCfg = RelWithDebInfo|Win32
		{52917794-C7BD-40CD-B967-A3C090EB13E0}.RelWithDebInfo|Win32.Build.0 = RelWithDebInfo|Win32
	EndGlobalSection
	GlobalSection(ExtensibilityGlobals) = postSolution
	EndGlobalSection
	GlobalSection(ExtensibilityAddIns) = postSolution
	EndGlobalSection
EndGlobal
