<?xml version="1.0" encoding="UTF-8"?>
<Project ToolsVersion="12.0" xmlns="http://schemas.microsoft.com/developer/msbuild/2003">
  <ItemGroup>
    <ClCompile Include="F:\Ola\Moje\dcmtk-3.6.0\ofstd\libsrc\ofcmdln.cc">
      <Filter>Source Files</Filter>
    </ClCompile>
    <ClCompile Include="F:\Ola\Moje\dcmtk-3.6.0\ofstd\libsrc\ofconapp.cc">
      <Filter>Source Files</Filter>
    </ClCompile>
    <ClCompile Include="F:\Ola\Moje\dcmtk-3.6.0\ofstd\libsrc\ofcond.cc">
      <Filter>Source Files</Filter>
    </ClCompile>
    <ClCompile Include="F:\Ola\Moje\dcmtk-3.6.0\ofstd\libsrc\ofconfig.cc">
      <Filter>Source Files</Filter>
    </ClCompile>
    <ClCompile Include="F:\Ola\Moje\dcmtk-3.6.0\ofstd\libsrc\ofconsol.cc">
      <Filter>Source Files</Filter>
    </ClCompile>
    <ClCompile Include="F:\Ola\Moje\dcmtk-3.6.0\ofstd\libsrc\ofcrc32.cc">
      <Filter>Source Files</Filter>
    </ClCompile>
    <ClCompile Include="F:\Ola\Moje\dcmtk-3.6.0\ofstd\libsrc\ofdate.cc">
      <Filter>Source Files</Filter>
    </ClCompile>
    <ClCompile Include="F:\Ola\Moje\dcmtk-3.6.0\ofstd\libsrc\ofdatime.cc">
      <Filter>Source Files</Filter>
    </ClCompile>
    <ClCompile Include="F:\Ola\Moje\dcmtk-3.6.0\ofstd\libsrc\offname.cc">
      <Filter>Source Files</Filter>
    </ClCompile>
    <ClCompile Include="F:\Ola\Moje\dcmtk-3.6.0\ofstd\libsrc\oflist.cc">
      <Filter>Source Files</Filter>
    </ClCompile>
    <ClCompile Include="F:\Ola\Moje\dcmtk-3.6.0\ofstd\libsrc\ofstd.cc">
      <Filter>Source Files</Filter>
    </ClCompile>
    <ClCompile Include="F:\Ola\Moje\dcmtk-3.6.0\ofstd\libsrc\ofstring.cc">
      <Filter>Source Files</Filter>
    </ClCompile>
    <ClCompile Include="F:\Ola\Moje\dcmtk-3.6.0\ofstd\libsrc\ofthread.cc">
      <Filter>Source Files</Filter>
    </ClCompile>
    <ClCompile Include="F:\Ola\Moje\dcmtk-3.6.0\ofstd\libsrc\oftime.cc">
      <Filter>Source Files</Filter>
    </ClCompile>
  </ItemGroup>
  <ItemGroup>
    <CustomBuild Include="F:\Ola\Moje\dcmtk-3.6.0\ofstd\libsrc\CMakeLists.txt" />
  </ItemGroup>
  <ItemGroup>
    <Filter Include="Source Files">
      <UniqueIdentifier>{8CA6391C-9AB2-47A5-8A17-982293846D6D}</UniqueIdentifier>
    </Filter>
  </ItemGroup>
</Project>
