<?xml version="1.0" encoding="UTF-8"?>
<Project ToolsVersion="12.0" xmlns="http://schemas.microsoft.com/developer/msbuild/2003">
  <ItemGroup>
    <ClCompile Include="F:\Ola\Moje\dcmtk-3.6.0\dcmnet\libsrc\assoc.cc">
      <Filter>Source Files</Filter>
    </ClCompile>
    <ClCompile Include="F:\Ola\Moje\dcmtk-3.6.0\dcmnet\libsrc\cond.cc">
      <Filter>Source Files</Filter>
    </ClCompile>
    <ClCompile Include="F:\Ola\Moje\dcmtk-3.6.0\dcmnet\libsrc\dcasccff.cc">
      <Filter>Source Files</Filter>
    </ClCompile>
    <ClCompile Include="F:\Ola\Moje\dcmtk-3.6.0\dcmnet\libsrc\dcasccfg.cc">
      <Filter>Source Files</Filter>
    </ClCompile>
    <ClCompile Include="F:\Ola\Moje\dcmtk-3.6.0\dcmnet\libsrc\dccfenmp.cc">
      <Filter>Source Files</Filter>
    </ClCompile>
    <ClCompile Include="F:\Ola\Moje\dcmtk-3.6.0\dcmnet\libsrc\dccfpcmp.cc">
      <Filter>Source Files</Filter>
    </ClCompile>
    <ClCompile Include="F:\Ola\Moje\dcmtk-3.6.0\dcmnet\libsrc\dccfprmp.cc">
      <Filter>Source Files</Filter>
    </ClCompile>
    <ClCompile Include="F:\Ola\Moje\dcmtk-3.6.0\dcmnet\libsrc\dccfrsmp.cc">
      <Filter>Source Files</Filter>
    </ClCompile>
    <ClCompile Include="F:\Ola\Moje\dcmtk-3.6.0\dcmnet\libsrc\dccftsmp.cc">
      <Filter>Source Files</Filter>
    </ClCompile>
    <ClCompile Include="F:\Ola\Moje\dcmtk-3.6.0\dcmnet\libsrc\dccfuidh.cc">
      <Filter>Source Files</Filter>
    </ClCompile>
    <ClCompile Include="F:\Ola\Moje\dcmtk-3.6.0\dcmnet\libsrc\dcmlayer.cc">
      <Filter>Source Files</Filter>
    </ClCompile>
    <ClCompile Include="F:\Ola\Moje\dcmtk-3.6.0\dcmnet\libsrc\dcmtrans.cc">
      <Filter>Source Files</Filter>
    </ClCompile>
    <ClCompile Include="F:\Ola\Moje\dcmtk-3.6.0\dcmnet\libsrc\dcompat.cc">
      <Filter>Source Files</Filter>
    </ClCompile>
    <ClCompile Include="F:\Ola\Moje\dcmtk-3.6.0\dcmnet\libsrc\dimcancl.cc">
      <Filter>Source Files</Filter>
    </ClCompile>
    <ClCompile Include="F:\Ola\Moje\dcmtk-3.6.0\dcmnet\libsrc\dimcmd.cc">
      <Filter>Source Files</Filter>
    </ClCompile>
    <ClCompile Include="F:\Ola\Moje\dcmtk-3.6.0\dcmnet\libsrc\dimdump.cc">
      <Filter>Source Files</Filter>
    </ClCompile>
    <ClCompile Include="F:\Ola\Moje\dcmtk-3.6.0\dcmnet\libsrc\dimecho.cc">
      <Filter>Source Files</Filter>
    </ClCompile>
    <ClCompile Include="F:\Ola\Moje\dcmtk-3.6.0\dcmnet\libsrc\dimfind.cc">
      <Filter>Source Files</Filter>
    </ClCompile>
    <ClCompile Include="F:\Ola\Moje\dcmtk-3.6.0\dcmnet\libsrc\dimget.cc">
      <Filter>Source Files</Filter>
    </ClCompile>
    <ClCompile Include="F:\Ola\Moje\dcmtk-3.6.0\dcmnet\libsrc\dimmove.cc">
      <Filter>Source Files</Filter>
    </ClCompile>
    <ClCompile Include="F:\Ola\Moje\dcmtk-3.6.0\dcmnet\libsrc\dimse.cc">
      <Filter>Source Files</Filter>
    </ClCompile>
    <ClCompile Include="F:\Ola\Moje\dcmtk-3.6.0\dcmnet\libsrc\dimstore.cc">
      <Filter>Source Files</Filter>
    </ClCompile>
    <ClCompile Include="F:\Ola\Moje\dcmtk-3.6.0\dcmnet\libsrc\diutil.cc">
      <Filter>Source Files</Filter>
    </ClCompile>
    <ClCompile Include="F:\Ola\Moje\dcmtk-3.6.0\dcmnet\libsrc\dul.cc">
      <Filter>Source Files</Filter>
    </ClCompile>
    <ClCompile Include="F:\Ola\Moje\dcmtk-3.6.0\dcmnet\libsrc\dulconst.cc">
      <Filter>Source Files</Filter>
    </ClCompile>
    <ClCompile Include="F:\Ola\Moje\dcmtk-3.6.0\dcmnet\libsrc\dulextra.cc">
      <Filter>Source Files</Filter>
    </ClCompile>
    <ClCompile Include="F:\Ola\Moje\dcmtk-3.6.0\dcmnet\libsrc\dulfsm.cc">
      <Filter>Source Files</Filter>
    </ClCompile>
    <ClCompile Include="F:\Ola\Moje\dcmtk-3.6.0\dcmnet\libsrc\dulparse.cc">
      <Filter>Source Files</Filter>
    </ClCompile>
    <ClCompile Include="F:\Ola\Moje\dcmtk-3.6.0\dcmnet\libsrc\dulpres.cc">
      <Filter>Source Files</Filter>
    </ClCompile>
    <ClCompile Include="F:\Ola\Moje\dcmtk-3.6.0\dcmnet\libsrc\extneg.cc">
      <Filter>Source Files</Filter>
    </ClCompile>
    <ClCompile Include="F:\Ola\Moje\dcmtk-3.6.0\dcmnet\libsrc\lst.cc">
      <Filter>Source Files</Filter>
    </ClCompile>
    <ClCompile Include="F:\Ola\Moje\dcmtk-3.6.0\dcmnet\libsrc\dfindscu.cc">
      <Filter>Source Files</Filter>
    </ClCompile>
    <ClCompile Include="F:\Ola\Moje\dcmtk-3.6.0\dcmnet\libsrc\dcuserid.cc">
      <Filter>Source Files</Filter>
    </ClCompile>
    <ClCompile Include="F:\Ola\Moje\dcmtk-3.6.0\dcmnet\libsrc\scu.cc">
      <Filter>Source Files</Filter>
    </ClCompile>
    <ClCompile Include="F:\Ola\Moje\dcmtk-3.6.0\dcmnet\libsrc\scp.cc">
      <Filter>Source Files</Filter>
    </ClCompile>
  </ItemGroup>
  <ItemGroup>
    <CustomBuild Include="F:\Ola\Moje\dcmtk-3.6.0\dcmnet\libsrc\CMakeLists.txt" />
  </ItemGroup>
  <ItemGroup>
    <Filter Include="Source Files">
      <UniqueIdentifier>{8CA6391C-9AB2-47A5-8A17-982293846D6D}</UniqueIdentifier>
    </Filter>
  </ItemGroup>
</Project>
