<?xml version="1.0" encoding="UTF-8"?>
<Project ToolsVersion="12.0" xmlns="http://schemas.microsoft.com/developer/msbuild/2003">
  <ItemGroup>
    <ClCompile Include="F:\Ola\Moje\dcmtk-3.6.0\dcmsign\libsrc\dcsignat.cc">
      <Filter>Source Files</Filter>
    </ClCompile>
    <ClCompile Include="F:\Ola\Moje\dcmtk-3.6.0\dcmsign\libsrc\siautopr.cc">
      <Filter>Source Files</Filter>
    </ClCompile>
    <ClCompile Include="F:\Ola\Moje\dcmtk-3.6.0\dcmsign\libsrc\sibrsapr.cc">
      <Filter>Source Files</Filter>
    </ClCompile>
    <ClCompile Include="F:\Ola\Moje\dcmtk-3.6.0\dcmsign\libsrc\sicert.cc">
      <Filter>Source Files</Filter>
    </ClCompile>
    <ClCompile Include="F:\Ola\Moje\dcmtk-3.6.0\dcmsign\libsrc\sicertvf.cc">
      <Filter>Source Files</Filter>
    </ClCompile>
    <ClCompile Include="F:\Ola\Moje\dcmtk-3.6.0\dcmsign\libsrc\sicreapr.cc">
      <Filter>Source Files</Filter>
    </ClCompile>
    <ClCompile Include="F:\Ola\Moje\dcmtk-3.6.0\dcmsign\libsrc\sidsa.cc">
      <Filter>Source Files</Filter>
    </ClCompile>
    <ClCompile Include="F:\Ola\Moje\dcmtk-3.6.0\dcmsign\libsrc\simaccon.cc">
      <Filter>Source Files</Filter>
    </ClCompile>
    <ClCompile Include="F:\Ola\Moje\dcmtk-3.6.0\dcmsign\libsrc\simd5.cc">
      <Filter>Source Files</Filter>
    </ClCompile>
    <ClCompile Include="F:\Ola\Moje\dcmtk-3.6.0\dcmsign\libsrc\sinullpr.cc">
      <Filter>Source Files</Filter>
    </ClCompile>
    <ClCompile Include="F:\Ola\Moje\dcmtk-3.6.0\dcmsign\libsrc\siprivat.cc">
      <Filter>Source Files</Filter>
    </ClCompile>
    <ClCompile Include="F:\Ola\Moje\dcmtk-3.6.0\dcmsign\libsrc\siripemd.cc">
      <Filter>Source Files</Filter>
    </ClCompile>
    <ClCompile Include="F:\Ola\Moje\dcmtk-3.6.0\dcmsign\libsrc\sirsa.cc">
      <Filter>Source Files</Filter>
    </ClCompile>
    <ClCompile Include="F:\Ola\Moje\dcmtk-3.6.0\dcmsign\libsrc\sisha1.cc">
      <Filter>Source Files</Filter>
    </ClCompile>
    <ClCompile Include="F:\Ola\Moje\dcmtk-3.6.0\dcmsign\libsrc\sisprof.cc">
      <Filter>Source Files</Filter>
    </ClCompile>
    <ClCompile Include="F:\Ola\Moje\dcmtk-3.6.0\dcmsign\libsrc\sitypes.cc">
      <Filter>Source Files</Filter>
    </ClCompile>
  </ItemGroup>
  <ItemGroup>
    <CustomBuild Include="F:\Ola\Moje\dcmtk-3.6.0\dcmsign\libsrc\CMakeLists.txt" />
  </ItemGroup>
  <ItemGroup>
    <Filter Include="Source Files">
      <UniqueIdentifier>{8CA6391C-9AB2-47A5-8A17-982293846D6D}</UniqueIdentifier>
    </Filter>
  </ItemGroup>
</Project>
