Microsoft Visual Studio Solution File, Format Version 12.00
# Visual Studio Express 2013 for Windows Desktop
Project("{8BC9CEB8-8B4A-11D0-8D11-00A0C91BC942}") = "ALL_BUILD", "ALL_BUILD.vcxproj", "{E96B5D03-4122-4EDD-AE52-B735FAD8DD0A}"
	ProjectSection(ProjectDependencies) = postProject
		{02A45254-08AE-4748-B8C4-93F9A38E248A} = {02A45254-08AE-4748-B8C4-93F9A38E248A}
		{69DB8863-DA2F-4E1A-BEEC-B203F9D961D4} = {69DB8863-DA2F-4E1A-BEEC-B203F9D961D4}
		{979511D4-E820-49C0-BA52-2AA15070AA89} = {979511D4-E820-49C0-BA52-2AA15070AA89}
		{9B03FEB3-F143-4C69-A3C7-10A3E401D3FA} = {9B03FEB3-F143-4C69-A3C7-10A3E401D3FA}
	EndProjectSection
EndProject
Project("{8BC9CEB8-8B4A-11D0-8D11-00A0C91BC942}") = "INSTALL", "INSTALL.vcxproj", "{1080E1B0-6C56-470D-832D-9359376B337B}"
	ProjectSection(ProjectDependencies) = postProject
		{E96B5D03-4122-4EDD-AE52-B735FAD8DD0A} = {E96B5D03-4122-4EDD-AE52-B735FAD8DD0A}
	EndProjectSection
EndProject
Project("{8BC9CEB8-8B4A-11D0-8D11-00A0C91BC942}") = "ZERO_CHECK", "..\ZERO_CHECK.vcxproj", "{6262508C-6A47-456B-AD19-9CDCE441F315}"
	ProjectSection(ProjectDependencies) = postProject
	EndProjectSection
EndProject
Project("{8BC9CEB8-8B4A-11D0-8D11-00A0C91BC942}") = "dcmdata", "..\dcmdata\libsrc\dcmdata.vcxproj", "{8D487DDE-F5F1-4654-9C32-5DB8FFB17EDE}"
	ProjectSection(ProjectDependencies) = postProject
		{6262508C-6A47-456B-AD19-9CDCE441F315} = {6262508C-6A47-456B-AD19-9CDCE441F315}
	EndProjectSection
EndProject
Project("{8BC9CEB8-8B4A-11D0-8D11-00A0C91BC942}") = "dcmdspfn", "apps\dcmdspfn.vcxproj", "{02A45254-08AE-4748-B8C4-93F9A38E248A}"
	ProjectSection(ProjectDependencies) = postProject
		{6262508C-6A47-456B-AD19-9CDCE441F315} = {6262508C-6A47-456B-AD19-9CDCE441F315}
		{8D487DDE-F5F1-4654-9C32-5DB8FFB17EDE} = {8D487DDE-F5F1-4654-9C32-5DB8FFB17EDE}
		{69DB8863-DA2F-4E1A-BEEC-B203F9D961D4} = {69DB8863-DA2F-4E1A-BEEC-B203F9D961D4}
		{66FC3C57-2C52-4176-BBB0-BE9358AD3B1E} = {66FC3C57-2C52-4176-BBB0-BE9358AD3B1E}
		{29C65B9A-9287-46E7-ACF2-521B8B9AD277} = {29C65B9A-9287-46E7-ACF2-521B8B9AD277}
	EndProjectSection
EndProject
Project("{8BC9CEB8-8B4A-11D0-8D11-00A0C91BC942}") = "dcmimgle", "libsrc\dcmimgle.vcxproj", "{69DB8863-DA2F-4E1A-BEEC-B203F9D961D4}"
	ProjectSection(ProjectDependencies) = postProject
		{6262508C-6A47-456B-AD19-9CDCE441F315} = {6262508C-6A47-456B-AD19-9CDCE441F315}
	EndProjectSection
EndProject
Project("{8BC9CEB8-8B4A-11D0-8D11-00A0C91BC942}") = "dcod2lum", "apps\dcod2lum.vcxproj", "{979511D4-E820-49C0-BA52-2AA15070AA89}"
	ProjectSection(ProjectDependencies) = postProject
		{6262508C-6A47-456B-AD19-9CDCE441F315} = {6262508C-6A47-456B-AD19-9CDCE441F315}
		{69DB8863-DA2F-4E1A-BEEC-B203F9D961D4} = {69DB8863-DA2F-4E1A-BEEC-B203F9D961D4}
		{66FC3C57-2C52-4176-BBB0-BE9358AD3B1E} = {66FC3C57-2C52-4176-BBB0-BE9358AD3B1E}
		{29C65B9A-9287-46E7-ACF2-521B8B9AD277} = {29C65B9A-9287-46E7-ACF2-521B8B9AD277}
	EndProjectSection
EndProject
Project("{8BC9CEB8-8B4A-11D0-8D11-00A0C91BC942}") = "dconvlum", "apps\dconvlum.vcxproj", "{9B03FEB3-F143-4C69-A3C7-10A3E401D3FA}"
	ProjectSection(ProjectDependencies) = postProject
		{6262508C-6A47-456B-AD19-9CDCE441F315} = {6262508C-6A47-456B-AD19-9CDCE441F315}
		{69DB8863-DA2F-4E1A-BEEC-B203F9D961D4} = {69DB8863-DA2F-4E1A-BEEC-B203F9D961D4}
		{66FC3C57-2C52-4176-BBB0-BE9358AD3B1E} = {66FC3C57-2C52-4176-BBB0-BE9358AD3B1E}
		{29C65B9A-9287-46E7-ACF2-521B8B9AD277} = {29C65B9A-9287-46E7-ACF2-521B8B9AD277}
	EndProjectSection
EndProject
Project("{8BC9CEB8-8B4A-11D0-8D11-00A0C91BC942}") = "oflog", "..\oflog\libsrc\oflog.vcxproj", "{66FC3C57-2C52-4176-BBB0-BE9358AD3B1E}"
	ProjectSection(ProjectDependencies) = postProject
		{6262508C-6A47-456B-AD19-9CDCE441F315} = {6262508C-6A47-456B-AD19-9CDCE441F315}
	EndProjectSection
EndProject
Project("{8BC9CEB8-8B4A-11D0-8D11-00A0C91BC942}") = "ofstd", "..\ofstd\libsrc\ofstd.vcxproj", "{29C65B9A-9287-46E7-ACF2-521B8B9AD277}"
	ProjectSection(ProjectDependencies) = postProject
		{6262508C-6A47-456B-AD19-9CDCE441F315} = {6262508C-6A47-456B-AD19-9CDCE441F315}
	EndProjectSection
EndProject
Global
	GlobalSection(SolutionConfigurationPlatforms) = preSolution
		Debug|Win32 = Debug|Win32
		Release|Win32 = Release|Win32
		MinSizeRel|Win32 = MinSizeRel|Win32
		RelWithDebInfo|Win32 = RelWithDebInfo|Win32
	EndGlobalSection
	GlobalSection(ProjectConfigurationPlatforms) = postSolution
		{E96B5D03-4122-4EDD-AE52-B735FAD8DD0A}.Debug|Win32.ActiveCfg = Debug|Win32
		{E96B5D03-4122-4EDD-AE52-B735FAD8DD0A}.Debug|Win32.Build.0 = Debug|Win32
		{E96B5D03-4122-4EDD-AE52-B735FAD8DD0A}.Release|Win32.ActiveCfg = Release|Win32
		{E96B5D03-4122-4EDD-AE52-B735FAD8DD0A}.Release|Win32.Build.0 = Release|Win32
		{E96B5D03-4122-4EDD-AE52-B735FAD8DD0A}.MinSizeRel|Win32.ActiveCfg = MinSizeRel|Win32
		{E96B5D03-4122-4EDD-AE52-B735FAD8DD0A}.MinSizeRel|Win32.Build.0 = MinSizeRel|Win32
		{E96B5D03-4122-4EDD-AE52-B735FAD8DD0A}.RelWithDebInfo|Win32.ActiveCfg = RelWithDebInfo|Win32
		{E96B5D03-4122-4EDD-AE52-B735FAD8DD0A}.RelWithDebInfo|Win32.Build.0 = RelWithDebInfo|Win32
		{1080E1B0-6C56-470D-832D-9359376B337B}.Debug|Win32.ActiveCfg = Debug|Win32
		{1080E1B0-6C56-470D-832D-9359376B337B}.Release|Win32.ActiveCfg = Release|Win32
		{1080E1B0-6C56-470D-832D-9359376B337B}.MinSizeRel|Win32.ActiveCfg = MinSizeRel|Win32
		{1080E1B0-6C56-470D-832D-9359376B337B}.RelWithDebInfo|Win32.ActiveCfg = RelWithDebInfo|Win32
		{6262508C-6A47-456B-AD19-9CDCE441F315}.Debug|Win32.ActiveCfg = Debug|Win32
		{6262508C-6A47-456B-AD19-9CDCE441F315}.Debug|Win32.Build.0 = Debug|Win32
		{6262508C-6A47-456B-AD19-9CDCE441F315}.Release|Win32.ActiveCfg = Release|Win32
		{6262508C-6A47-456B-AD19-9CDCE441F315}.Release|Win32.Build.0 = Release|Win32
		{6262508C-6A47-456B-AD19-9CDCE441F315}.MinSizeRel|Win32.ActiveCfg = MinSizeRel|Win32
		{6262508C-6A47-456B-AD19-9CDCE441F315}.MinSizeRel|Win32.Build.0 = MinSizeRel|Win32
		{6262508C-6A47-456B-AD19-9CDCE441F315}.RelWithDebInfo|Win32.ActiveCfg = RelWithDebInfo|Win32
		{6262508C-6A47-456B-AD19-9CDCE441F315}.RelWithDebInfo|Win32.Build.0 = RelWithDebInfo|Win32
		{8D487DDE-F5F1-4654-9C32-5DB8FFB17EDE}.Debug|Win32.ActiveCfg = Debug|Win32
		{8D487DDE-F5F1-4654-9C32-5DB8FFB17EDE}.Debug|Win32.Build.0 = Debug|Win32
		{8D487DDE-F5F1-4654-9C32-5DB8FFB17EDE}.Release|Win32.ActiveCfg = Release|Win32
		{8D487DDE-F5F1-4654-9C32-5DB8FFB17EDE}.Release|Win32.Build.0 = Release|Win32
		{8D487DDE-F5F1-4654-9C32-5DB8FFB17EDE}.MinSizeRel|Win32.ActiveCfg = MinSizeRel|Win32
		{8D487DDE-F5F1-4654-9C32-5DB8FFB17EDE}.MinSizeRel|Win32.Build.0 = MinSizeRel|Win32
		{8D487DDE-F5F1-4654-9C32-5DB8FFB17EDE}.RelWithDebInfo|Win32.ActiveCfg = RelWithDebInfo|Win32
		{8D487DDE-F5F1-4654-9C32-5DB8FFB17EDE}.RelWithDebInfo|Win32.Build.0 = RelWithDebInfo|Win32
		{02A45254-08AE-4748-B8C4-93F9A38E248A}.Debug|Win32.ActiveCfg = Debug|Win32
		{02A45254-08AE-4748-B8C4-93F9A38E248A}.Debug|Win32.Build.0 = Debug|Win32
		{02A45254-08AE-4748-B8C4-93F9A38E248A}.Release|Win32.ActiveCfg = Release|Win32
		{02A45254-08AE-4748-B8C4-93F9A38E248A}.Release|Win32.Build.0 = Release|Win32
		{02A45254-08AE-4748-B8C4-93F9A38E248A}.MinSizeRel|Win32.ActiveCfg = MinSizeRel|Win32
		{02A45254-08AE-4748-B8C4-93F9A38E248A}.MinSizeRel|Win32.Build.0 = MinSizeRel|Win32
		{02A45254-08AE-4748-B8C4-93F9A38E248A}.RelWithDebInfo|Win32.ActiveCfg = RelWithDebInfo|Win32
		{02A45254-08AE-4748-B8C4-93F9A38E248A}.RelWithDebInfo|Win32.Build.0 = RelWithDebInfo|Win32
		{69DB8863-DA2F-4E1A-BEEC-B203F9D961D4}.Debug|Win32.ActiveCfg = Debug|Win32
		{69DB8863-DA2F-4E1A-BEEC-B203F9D961D4}.Debug|Win32.Build.0 = Debug|Win32
		{69DB8863-DA2F-4E1A-BEEC-B203F9D961D4}.Release|Win32.ActiveCfg = Release|Win32
		{69DB8863-DA2F-4E1A-BEEC-B203F9D961D4}.Release|Win32.Build.0 = Release|Win32
		{69DB8863-DA2F-4E1A-BEEC-B203F9D961D4}.MinSizeRel|Win32.ActiveCfg = MinSizeRel|Win32
		{69DB8863-DA2F-4E1A-BEEC-B203F9D961D4}.MinSizeRel|Win32.Build.0 = MinSizeRel|Win32
		{69DB8863-DA2F-4E1A-BEEC-B203F9D961D4}.RelWithDebInfo|Win32.ActiveCfg = RelWithDebInfo|Win32
		{69DB8863-DA2F-4E1A-BEEC-B203F9D961D4}.RelWithDebInfo|Win32.Build.0 = RelWithDebInfo|Win32
		{979511D4-E820-49C0-BA52-2AA15070AA89}.Debug|Win32.ActiveCfg = Debug|Win32
		{979511D4-E820-49C0-BA52-2AA15070AA89}.Debug|Win32.Build.0 = Debug|Win32
		{979511D4-E820-49C0-BA52-2AA15070AA89}.Release|Win32.ActiveCfg = Release|Win32
		{979511D4-E820-49C0-BA52-2AA15070AA89}.Release|Win32.Build.0 = Release|Win32
		{979511D4-E820-49C0-BA52-2AA15070AA89}.MinSizeRel|Win32.ActiveCfg = MinSizeRel|Win32
		{979511D4-E820-49C0-BA52-2AA15070AA89}.MinSizeRel|Win32.Build.0 = MinSizeRel|Win32
		{979511D4-E820-49C0-BA52-2AA15070AA89}.RelWithDebInfo|Win32.ActiveCfg = RelWithDebInfo|Win32
		{979511D4-E820-49C0-BA52-2AA15070AA89}.RelWithDebInfo|Win32.Build.0 = RelWithDebInfo|Win32
		{9B03FEB3-F143-4C69-A3C7-10A3E401D3FA}.Debug|Win32.ActiveCfg = Debug|Win32
		{9B03FEB3-F143-4C69-A3C7-10A3E401D3FA}.Debug|Win32.Build.0 = Debug|Win32
		{9B03FEB3-F143-4C69-A3C7-10A3E401D3FA}.Release|Win32.ActiveCfg = Release|Win32
		{9B03FEB3-F143-4C69-A3C7-10A3E401D3FA}.Release|Win32.Build.0 = Release|Win32
		{9B03FEB3-F143-4C69-A3C7-10A3E401D3FA}.MinSizeRel|Win32.ActiveCfg = MinSizeRel|Win32
		{9B03FEB3-F143-4C69-A3C7-10A3E401D3FA}.MinSizeRel|Win32.Build.0 = MinSizeRel|Win32
		{9B03FEB3-F143-4C69-A3C7-10A3E401D3FA}.RelWithDebInfo|Win32.ActiveCfg = RelWithDebInfo|Win32
		{9B03FEB3-F143-4C69-A3C7-10A3E401D3FA}.RelWithDebInfo|Win32.Build.0 = RelWithDebInfo|Win32
		{66FC3C57-2C52-4176-BBB0-BE9358AD3B1E}.Debug|Win32.ActiveCfg = Debug|Win32
		{66FC3C57-2C52-4176-BBB0-BE9358AD3B1E}.Debug|Win32.Build.0 = Debug|Win32
		{66FC3C57-2C52-4176-BBB0-BE9358AD3B1E}.Release|Win32.ActiveCfg = Release|Win32
		{66FC3C57-2C52-4176-BBB0-BE9358AD3B1E}.Release|Win32.Build.0 = Release|Win32
		{66FC3C57-2C52-4176-BBB0-BE9358AD3B1E}.MinSizeRel|Win32.ActiveCfg = MinSizeRel|Win32
		{66FC3C57-2C52-4176-BBB0-BE9358AD3B1E}.MinSizeRel|Win32.Build.0 = MinSizeRel|Win32
		{66FC3C57-2C52-4176-BBB0-BE9358AD3B1E}.RelWithDebInfo|Win32.ActiveCfg = RelWithDebInfo|Win32
		{66FC3C57-2C52-4176-BBB0-BE9358AD3B1E}.RelWithDebInfo|Win32.Build.0 = RelWithDebInfo|Win32
		{29C65B9A-9287-46E7-ACF2-521B8B9AD277}.Debug|Win32.ActiveCfg = Debug|Win32
		{29C65B9A-9287-46E7-ACF2-521B8B9AD277}.Debug|Win32.Build.0 = Debug|Win32
		{29C65B9A-9287-46E7-ACF2-521B8B9AD277}.Release|Win32.ActiveCfg = Release|Win32
		{29C65B9A-9287-46E7-ACF2-521B8B9AD277}.Release|Win32.Build.0 = Release|Win32
		{29C65B9A-9287-46E7-ACF2-521B8B9AD277}.MinSizeRel|Win32.ActiveCfg = MinSizeRel|Win32
		{29C65B9A-9287-46E7-ACF2-521B8B9AD277}.MinSizeRel|Win32.Build.0 = MinSizeRel|Win32
		{29C65B9A-9287-46E7-ACF2-521B8B9AD277}.RelWithDebInfo|Win32.ActiveCfg = RelWithDebInfo|Win32
		{29C65B9A-9287-46E7-ACF2-521B8B9AD277}.RelWithDebInfo|Win32.Build.0 = RelWithDebInfo|Win32
	EndGlobalSection
	GlobalSection(ExtensibilityGlobals) = postSolution
	EndGlobalSection
	GlobalSection(ExtensibilityAddIns) = postSolution
	EndGlobalSection
EndGlobal
