Microsoft Visual Studio Solution File, Format Version 12.00
# Visual Studio Express 2013 for Windows Desktop
Project("{8BC9CEB8-8B4A-11D0-8D11-00A0C91BC942}") = "ALL_BUILD", "ALL_BUILD.vcxproj", "{E96B5D03-4122-4EDD-AE52-B735FAD8DD0A}"
	ProjectSection(ProjectDependencies) = postProject
		{94E27C72-84DD-459B-A9D9-7925DD08815F} = {94E27C72-84DD-459B-A9D9-7925DD08815F}
		{DCC9C04C-EF6E-4DF7-9C22-533AC35B3B76} = {DCC9C04C-EF6E-4DF7-9C22-533AC35B3B76}
	EndProjectSection
EndProject
Project("{8BC9CEB8-8B4A-11D0-8D11-00A0C91BC942}") = "INSTALL", "INSTALL.vcxproj", "{1080E1B0-6C56-470D-832D-9359376B337B}"
	ProjectSection(ProjectDependencies) = postProject
		{E96B5D03-4122-4EDD-AE52-B735FAD8DD0A} = {E96B5D03-4122-4EDD-AE52-B735FAD8DD0A}
	EndProjectSection
EndProject
Project("{8BC9CEB8-8B4A-11D0-8D11-00A0C91BC942}") = "ZERO_CHECK", "..\ZERO_CHECK.vcxproj", "{6262508C-6A47-456B-AD19-9CDCE441F315}"
	ProjectSection(ProjectDependencies) = postProject
	EndProjectSection
EndProject
Project("{8BC9CEB8-8B4A-11D0-8D11-00A0C91BC942}") = "dcmdata", "..\dcmdata\libsrc\dcmdata.vcxproj", "{8D487DDE-F5F1-4654-9C32-5DB8FFB17EDE}"
	ProjectSection(ProjectDependencies) = postProject
		{6262508C-6A47-456B-AD19-9CDCE441F315} = {6262508C-6A47-456B-AD19-9CDCE441F315}
	EndProjectSection
EndProject
Project("{8BC9CEB8-8B4A-11D0-8D11-00A0C91BC942}") = "dcmnet", "..\dcmnet\libsrc\dcmnet.vcxproj", "{A5A9AF50-21BA-452B-82A0-161C013F72D3}"
	ProjectSection(ProjectDependencies) = postProject
		{6262508C-6A47-456B-AD19-9CDCE441F315} = {6262508C-6A47-456B-AD19-9CDCE441F315}
	EndProjectSection
EndProject
Project("{8BC9CEB8-8B4A-11D0-8D11-00A0C91BC942}") = "dcmtls", "..\dcmtls\libsrc\dcmtls.vcxproj", "{6932DB58-124D-40A0-BF3F-B42421DBFC1A}"
	ProjectSection(ProjectDependencies) = postProject
		{6262508C-6A47-456B-AD19-9CDCE441F315} = {6262508C-6A47-456B-AD19-9CDCE441F315}
	EndProjectSection
EndProject
Project("{8BC9CEB8-8B4A-11D0-8D11-00A0C91BC942}") = "dcmwlm", "libsrc\dcmwlm.vcxproj", "{94E27C72-84DD-459B-A9D9-7925DD08815F}"
	ProjectSection(ProjectDependencies) = postProject
		{6262508C-6A47-456B-AD19-9CDCE441F315} = {6262508C-6A47-456B-AD19-9CDCE441F315}
	EndProjectSection
EndProject
Project("{8BC9CEB8-8B4A-11D0-8D11-00A0C91BC942}") = "oflog", "..\oflog\libsrc\oflog.vcxproj", "{66FC3C57-2C52-4176-BBB0-BE9358AD3B1E}"
	ProjectSection(ProjectDependencies) = postProject
		{6262508C-6A47-456B-AD19-9CDCE441F315} = {6262508C-6A47-456B-AD19-9CDCE441F315}
	EndProjectSection
EndProject
Project("{8BC9CEB8-8B4A-11D0-8D11-00A0C91BC942}") = "ofstd", "..\ofstd\libsrc\ofstd.vcxproj", "{29C65B9A-9287-46E7-ACF2-521B8B9AD277}"
	ProjectSection(ProjectDependencies) = postProject
		{6262508C-6A47-456B-AD19-9CDCE441F315} = {6262508C-6A47-456B-AD19-9CDCE441F315}
	EndProjectSection
EndProject
Project("{8BC9CEB8-8B4A-11D0-8D11-00A0C91BC942}") = "wlmscpfs", "apps\wlmscpfs.vcxproj", "{DCC9C04C-EF6E-4DF7-9C22-533AC35B3B76}"
	ProjectSection(ProjectDependencies) = postProject
		{6262508C-6A47-456B-AD19-9CDCE441F315} = {6262508C-6A47-456B-AD19-9CDCE441F315}
		{8D487DDE-F5F1-4654-9C32-5DB8FFB17EDE} = {8D487DDE-F5F1-4654-9C32-5DB8FFB17EDE}
		{A5A9AF50-21BA-452B-82A0-161C013F72D3} = {A5A9AF50-21BA-452B-82A0-161C013F72D3}
		{6932DB58-124D-40A0-BF3F-B42421DBFC1A} = {6932DB58-124D-40A0-BF3F-B42421DBFC1A}
		{94E27C72-84DD-459B-A9D9-7925DD08815F} = {94E27C72-84DD-459B-A9D9-7925DD08815F}
		{66FC3C57-2C52-4176-BBB0-BE9358AD3B1E} = {66FC3C57-2C52-4176-BBB0-BE9358AD3B1E}
		{29C65B9A-9287-46E7-ACF2-521B8B9AD277} = {29C65B9A-9287-46E7-ACF2-521B8B9AD277}
	EndProjectSection
EndProject
Global
	GlobalSection(SolutionConfigurationPlatforms) = preSolution
		Debug|Win32 = Debug|Win32
		Release|Win32 = Release|Win32
		MinSizeRel|Win32 = MinSizeRel|Win32
		RelWithDebInfo|Win32 = RelWithDebInfo|Win32
	EndGlobalSection
	GlobalSection(ProjectConfigurationPlatforms) = postSolution
		{E96B5D03-4122-4EDD-AE52-B735FAD8DD0A}.Debug|Win32.ActiveCfg = Debug|Win32
		{E96B5D03-4122-4EDD-AE52-B735FAD8DD0A}.Debug|Win32.Build.0 = Debug|Win32
		{E96B5D03-4122-4EDD-AE52-B735FAD8DD0A}.Release|Win32.ActiveCfg = Release|Win32
		{E96B5D03-4122-4EDD-AE52-B735FAD8DD0A}.Release|Win32.Build.0 = Release|Win32
		{E96B5D03-4122-4EDD-AE52-B735FAD8DD0A}.MinSizeRel|Win32.ActiveCfg = MinSizeRel|Win32
		{E96B5D03-4122-4EDD-AE52-B735FAD8DD0A}.MinSizeRel|Win32.Build.0 = MinSizeRel|Win32
		{E96B5D03-4122-4EDD-AE52-B735FAD8DD0A}.RelWithDebInfo|Win32.ActiveCfg = RelWithDebInfo|Win32
		{E96B5D03-4122-4EDD-AE52-B735FAD8DD0A}.RelWithDebInfo|Win32.Build.0 = RelWithDebInfo|Win32
		{1080E1B0-6C56-470D-832D-9359376B337B}.Debug|Win32.ActiveCfg = Debug|Win32
		{1080E1B0-6C56-470D-832D-9359376B337B}.Release|Win32.ActiveCfg = Release|Win32
		{1080E1B0-6C56-470D-832D-9359376B337B}.MinSizeRel|Win32.ActiveCfg = MinSizeRel|Win32
		{1080E1B0-6C56-470D-832D-9359376B337B}.RelWithDebInfo|Win32.ActiveCfg = RelWithDebInfo|Win32
		{6262508C-6A47-456B-AD19-9CDCE441F315}.Debug|Win32.ActiveCfg = Debug|Win32
		{6262508C-6A47-456B-AD19-9CDCE441F315}.Debug|Win32.Build.0 = Debug|Win32
		{6262508C-6A47-456B-AD19-9CDCE441F315}.Release|Win32.ActiveCfg = Release|Win32
		{6262508C-6A47-456B-AD19-9CDCE441F315}.Release|Win32.Build.0 = Release|Win32
		{6262508C-6A47-456B-AD19-9CDCE441F315}.MinSizeRel|Win32.ActiveCfg = MinSizeRel|Win32
		{6262508C-6A47-456B-AD19-9CDCE441F315}.MinSizeRel|Win32.Build.0 = MinSizeRel|Win32
		{6262508C-6A47-456B-AD19-9CDCE441F315}.RelWithDebInfo|Win32.ActiveCfg = RelWithDebInfo|Win32
		{6262508C-6A47-456B-AD19-9CDCE441F315}.RelWithDebInfo|Win32.Build.0 = RelWithDebInfo|Win32
		{8D487DDE-F5F1-4654-9C32-5DB8FFB17EDE}.Debug|Win32.ActiveCfg = Debug|Win32
		{8D487DDE-F5F1-4654-9C32-5DB8FFB17EDE}.Debug|Win32.Build.0 = Debug|Win32
		{8D487DDE-F5F1-4654-9C32-5DB8FFB17EDE}.Release|Win32.ActiveCfg = Release|Win32
		{8D487DDE-F5F1-4654-9C32-5DB8FFB17EDE}.Release|Win32.Build.0 = Release|Win32
		{8D487DDE-F5F1-4654-9C32-5DB8FFB17EDE}.MinSizeRel|Win32.ActiveCfg = MinSizeRel|Win32
		{8D487DDE-F5F1-4654-9C32-5DB8FFB17EDE}.MinSizeRel|Win32.Build.0 = MinSizeRel|Win32
		{8D487DDE-F5F1-4654-9C32-5DB8FFB17EDE}.RelWithDebInfo|Win32.ActiveCfg = RelWithDebInfo|Win32
		{8D487DDE-F5F1-4654-9C32-5DB8FFB17EDE}.RelWithDebInfo|Win32.Build.0 = RelWithDebInfo|Win32
		{A5A9AF50-21BA-452B-82A0-161C013F72D3}.Debug|Win32.ActiveCfg = Debug|Win32
		{A5A9AF50-21BA-452B-82A0-161C013F72D3}.Debug|Win32.Build.0 = Debug|Win32
		{A5A9AF50-21BA-452B-82A0-161C013F72D3}.Release|Win32.ActiveCfg = Release|Win32
		{A5A9AF50-21BA-452B-82A0-161C013F72D3}.Release|Win32.Build.0 = Release|Win32
		{A5A9AF50-21BA-452B-82A0-161C013F72D3}.MinSizeRel|Win32.ActiveCfg = MinSizeRel|Win32
		{A5A9AF50-21BA-452B-82A0-161C013F72D3}.MinSizeRel|Win32.Build.0 = MinSizeRel|Win32
		{A5A9AF50-21BA-452B-82A0-161C013F72D3}.RelWithDebInfo|Win32.ActiveCfg = RelWithDebInfo|Win32
		{A5A9AF50-21BA-452B-82A0-161C013F72D3}.RelWithDebInfo|Win32.Build.0 = RelWithDebInfo|Win32
		{6932DB58-124D-40A0-BF3F-B42421DBFC1A}.Debug|Win32.ActiveCfg = Debug|Win32
		{6932DB58-124D-40A0-BF3F-B42421DBFC1A}.Debug|Win32.Build.0 = Debug|Win32
		{6932DB58-124D-40A0-BF3F-B42421DBFC1A}.Release|Win32.ActiveCfg = Release|Win32
		{6932DB58-124D-40A0-BF3F-B42421DBFC1A}.Release|Win32.Build.0 = Release|Win32
		{6932DB58-124D-40A0-BF3F-B42421DBFC1A}.MinSizeRel|Win32.ActiveCfg = MinSizeRel|Win32
		{6932DB58-124D-40A0-BF3F-B42421DBFC1A}.MinSizeRel|Win32.Build.0 = MinSizeRel|Win32
		{6932DB58-124D-40A0-BF3F-B42421DBFC1A}.RelWithDebInfo|Win32.ActiveCfg = RelWithDebInfo|Win32
		{6932DB58-124D-40A0-BF3F-B42421DBFC1A}.RelWithDebInfo|Win32.Build.0 = RelWithDebInfo|Win32
		{94E27C72-84DD-459B-A9D9-7925DD08815F}.Debug|Win32.ActiveCfg = Debug|Win32
		{94E27C72-84DD-459B-A9D9-7925DD08815F}.Debug|Win32.Build.0 = Debug|Win32
		{94E27C72-84DD-459B-A9D9-7925DD08815F}.Release|Win32.ActiveCfg = Release|Win32
		{94E27C72-84DD-459B-A9D9-7925DD08815F}.Release|Win32.Build.0 = Release|Win32
		{94E27C72-84DD-459B-A9D9-7925DD08815F}.MinSizeRel|Win32.ActiveCfg = MinSizeRel|Win32
		{94E27C72-84DD-459B-A9D9-7925DD08815F}.MinSizeRel|Win32.Build.0 = MinSizeRel|Win32
		{94E27C72-84DD-459B-A9D9-7925DD08815F}.RelWithDebInfo|Win32.ActiveCfg = RelWithDebInfo|Win32
		{94E27C72-84DD-459B-A9D9-7925DD08815F}.RelWithDebInfo|Win32.Build.0 = RelWithDebInfo|Win32
		{66FC3C57-2C52-4176-BBB0-BE9358AD3B1E}.Debug|Win32.ActiveCfg = Debug|Win32
		{66FC3C57-2C52-4176-BBB0-BE9358AD3B1E}.Debug|Win32.Build.0 = Debug|Win32
		{66FC3C57-2C52-4176-BBB0-BE9358AD3B1E}.Release|Win32.ActiveCfg = Release|Win32
		{66FC3C57-2C52-4176-BBB0-BE9358AD3B1E}.Release|Win32.Build.0 = Release|Win32
		{66FC3C57-2C52-4176-BBB0-BE9358AD3B1E}.MinSizeRel|Win32.ActiveCfg = MinSizeRel|Win32
		{66FC3C57-2C52-4176-BBB0-BE9358AD3B1E}.MinSizeRel|Win32.Build.0 = MinSizeRel|Win32
		{66FC3C57-2C52-4176-BBB0-BE9358AD3B1E}.RelWithDebInfo|Win32.ActiveCfg = RelWithDebInfo|Win32
		{66FC3C57-2C52-4176-BBB0-BE9358AD3B1E}.RelWithDebInfo|Win32.Build.0 = RelWithDebInfo|Win32
		{29C65B9A-9287-46E7-ACF2-521B8B9AD277}.Debug|Win32.ActiveCfg = Debug|Win32
		{29C65B9A-9287-46E7-ACF2-521B8B9AD277}.Debug|Win32.Build.0 = Debug|Win32
		{29C65B9A-9287-46E7-ACF2-521B8B9AD277}.Release|Win32.ActiveCfg = Release|Win32
		{29C65B9A-9287-46E7-ACF2-521B8B9AD277}.Release|Win32.Build.0 = Release|Win32
		{29C65B9A-9287-46E7-ACF2-521B8B9AD277}.MinSizeRel|Win32.ActiveCfg = MinSizeRel|Win32
		{29C65B9A-9287-46E7-ACF2-521B8B9AD277}.MinSizeRel|Win32.Build.0 = MinSizeRel|Win32
		{29C65B9A-9287-46E7-ACF2-521B8B9AD277}.RelWithDebInfo|Win32.ActiveCfg = RelWithDebInfo|Win32
		{29C65B9A-9287-46E7-ACF2-521B8B9AD277}.RelWithDebInfo|Win32.Build.0 = RelWithDebInfo|Win32
		{DCC9C04C-EF6E-4DF7-9C22-533AC35B3B76}.Debug|Win32.ActiveCfg = Debug|Win32
		{DCC9C04C-EF6E-4DF7-9C22-533AC35B3B76}.Debug|Win32.Build.0 = Debug|Win32
		{DCC9C04C-EF6E-4DF7-9C22-533AC35B3B76}.Release|Win32.ActiveCfg = Release|Win32
		{DCC9C04C-EF6E-4DF7-9C22-533AC35B3B76}.Release|Win32.Build.0 = Release|Win32
		{DCC9C04C-EF6E-4DF7-9C22-533AC35B3B76}.MinSizeRel|Win32.ActiveCfg = MinSizeRel|Win32
		{DCC9C04C-EF6E-4DF7-9C22-533AC35B3B76}.MinSizeRel|Win32.Build.0 = MinSizeRel|Win32
		{DCC9C04C-EF6E-4DF7-9C22-533AC35B3B76}.RelWithDebInfo|Win32.ActiveCfg = RelWithDebInfo|Win32
		{DCC9C04C-EF6E-4DF7-9C22-533AC35B3B76}.RelWithDebInfo|Win32.Build.0 = RelWithDebInfo|Win32
	EndGlobalSection
	GlobalSection(ExtensibilityGlobals) = postSolution
	EndGlobalSection
	GlobalSection(ExtensibilityAddIns) = postSolution
	EndGlobalSection
EndGlobal
