<?xml version="1.0" encoding="UTF-8"?>
<Project ToolsVersion="12.0" xmlns="http://schemas.microsoft.com/developer/msbuild/2003">
  <ItemGroup>
    <CustomBuild Include="F:\Ola\Moje\SIM\SIMproject\dcmtk-bin\CMakeFiles\e739bff04790cf3a8bbd7f692b818ad6\INSTALL_force.rule">
      <Filter>CMake Rules</Filter>
    </CustomBuild>
  </ItemGroup>
  <ItemGroup>
    <Filter Include="CMake Rules">
      <UniqueIdentifier>{1C2C231D-8C09-49CC-BE04-4AFE1968D1D8}</UniqueIdentifier>
    </Filter>
  </ItemGroup>
</Project>
