Microsoft Visual Studio Solution File, Format Version 12.00
# Visual Studio Express 2013 for Windows Desktop
Project("{8BC9CEB8-8B4A-11D0-8D11-00A0C91BC942}") = "ALL_BUILD", "ALL_BUILD.vcxproj", "{E96B5D03-4122-4EDD-AE52-B735FAD8DD0A}"
	ProjectSection(ProjectDependencies) = postProject
		{351D7A7B-79DC-4C21-9A41-0177786FAEB4} = {351D7A7B-79DC-4C21-9A41-0177786FAEB4}
		{0CE3C758-76F3-48D3-A2F9-4EC558825A99} = {0CE3C758-76F3-48D3-A2F9-4EC558825A99}
		{6277AB0B-01F7-415E-B791-59F263004C69} = {6277AB0B-01F7-415E-B791-59F263004C69}
		{BBC51EB5-F6F8-4D0B-AE3A-110ED4053124} = {BBC51EB5-F6F8-4D0B-AE3A-110ED4053124}
		{C4798A99-4609-4662-A344-C21168D35EE8} = {C4798A99-4609-4662-A344-C21168D35EE8}
		{1FC81E1C-8B47-4600-9AD4-058593A00E9E} = {1FC81E1C-8B47-4600-9AD4-058593A00E9E}
		{95215134-8B7B-48D4-A279-5ECA23979DE2} = {95215134-8B7B-48D4-A279-5ECA23979DE2}
		{7C5EB988-6AA3-4D95-8963-8C01E0433C5C} = {7C5EB988-6AA3-4D95-8963-8C01E0433C5C}
		{98A83B65-A7B1-46FD-A797-439793227050} = {98A83B65-A7B1-46FD-A797-439793227050}
		{E38B622E-C00F-4F64-9426-1224EBF9D287} = {E38B622E-C00F-4F64-9426-1224EBF9D287}
		{043625FC-330A-46CE-850C-90AFFF923D43} = {043625FC-330A-46CE-850C-90AFFF923D43}
	EndProjectSection
EndProject
Project("{8BC9CEB8-8B4A-11D0-8D11-00A0C91BC942}") = "INSTALL", "INSTALL.vcxproj", "{1080E1B0-6C56-470D-832D-9359376B337B}"
	ProjectSection(ProjectDependencies) = postProject
		{E96B5D03-4122-4EDD-AE52-B735FAD8DD0A} = {E96B5D03-4122-4EDD-AE52-B735FAD8DD0A}
	EndProjectSection
EndProject
Project("{8BC9CEB8-8B4A-11D0-8D11-00A0C91BC942}") = "ZERO_CHECK", "..\ZERO_CHECK.vcxproj", "{6262508C-6A47-456B-AD19-9CDCE441F315}"
	ProjectSection(ProjectDependencies) = postProject
	EndProjectSection
EndProject
Project("{8BC9CEB8-8B4A-11D0-8D11-00A0C91BC942}") = "dcmdata", "..\dcmdata\libsrc\dcmdata.vcxproj", "{8D487DDE-F5F1-4654-9C32-5DB8FFB17EDE}"
	ProjectSection(ProjectDependencies) = postProject
		{6262508C-6A47-456B-AD19-9CDCE441F315} = {6262508C-6A47-456B-AD19-9CDCE441F315}
	EndProjectSection
EndProject
Project("{8BC9CEB8-8B4A-11D0-8D11-00A0C91BC942}") = "dcmdsig", "..\dcmsign\libsrc\dcmdsig.vcxproj", "{40DF7E25-B7FD-4F2E-BD60-133589AFE86C}"
	ProjectSection(ProjectDependencies) = postProject
		{6262508C-6A47-456B-AD19-9CDCE441F315} = {6262508C-6A47-456B-AD19-9CDCE441F315}
	EndProjectSection
EndProject
Project("{8BC9CEB8-8B4A-11D0-8D11-00A0C91BC942}") = "dcmimgle", "..\dcmimgle\libsrc\dcmimgle.vcxproj", "{69DB8863-DA2F-4E1A-BEEC-B203F9D961D4}"
	ProjectSection(ProjectDependencies) = postProject
		{6262508C-6A47-456B-AD19-9CDCE441F315} = {6262508C-6A47-456B-AD19-9CDCE441F315}
	EndProjectSection
EndProject
Project("{8BC9CEB8-8B4A-11D0-8D11-00A0C91BC942}") = "dcmmkcrv", "apps\dcmmkcrv.vcxproj", "{351D7A7B-79DC-4C21-9A41-0177786FAEB4}"
	ProjectSection(ProjectDependencies) = postProject
		{6262508C-6A47-456B-AD19-9CDCE441F315} = {6262508C-6A47-456B-AD19-9CDCE441F315}
		{8D487DDE-F5F1-4654-9C32-5DB8FFB17EDE} = {8D487DDE-F5F1-4654-9C32-5DB8FFB17EDE}
		{69DB8863-DA2F-4E1A-BEEC-B203F9D961D4} = {69DB8863-DA2F-4E1A-BEEC-B203F9D961D4}
		{A5A9AF50-21BA-452B-82A0-161C013F72D3} = {A5A9AF50-21BA-452B-82A0-161C013F72D3}
		{043625FC-330A-46CE-850C-90AFFF923D43} = {043625FC-330A-46CE-850C-90AFFF923D43}
		{688422D2-5C92-406E-9D24-631DCA8EB88F} = {688422D2-5C92-406E-9D24-631DCA8EB88F}
		{66FC3C57-2C52-4176-BBB0-BE9358AD3B1E} = {66FC3C57-2C52-4176-BBB0-BE9358AD3B1E}
		{29C65B9A-9287-46E7-ACF2-521B8B9AD277} = {29C65B9A-9287-46E7-ACF2-521B8B9AD277}
	EndProjectSection
EndProject
Project("{8BC9CEB8-8B4A-11D0-8D11-00A0C91BC942}") = "dcmmklut", "apps\dcmmklut.vcxproj", "{0CE3C758-76F3-48D3-A2F9-4EC558825A99}"
	ProjectSection(ProjectDependencies) = postProject
		{6262508C-6A47-456B-AD19-9CDCE441F315} = {6262508C-6A47-456B-AD19-9CDCE441F315}
		{8D487DDE-F5F1-4654-9C32-5DB8FFB17EDE} = {8D487DDE-F5F1-4654-9C32-5DB8FFB17EDE}
		{69DB8863-DA2F-4E1A-BEEC-B203F9D961D4} = {69DB8863-DA2F-4E1A-BEEC-B203F9D961D4}
		{A5A9AF50-21BA-452B-82A0-161C013F72D3} = {A5A9AF50-21BA-452B-82A0-161C013F72D3}
		{043625FC-330A-46CE-850C-90AFFF923D43} = {043625FC-330A-46CE-850C-90AFFF923D43}
		{688422D2-5C92-406E-9D24-631DCA8EB88F} = {688422D2-5C92-406E-9D24-631DCA8EB88F}
		{DD4E4B18-D76F-40CB-88A2-3EDC03CE69F4} = {DD4E4B18-D76F-40CB-88A2-3EDC03CE69F4}
		{66FC3C57-2C52-4176-BBB0-BE9358AD3B1E} = {66FC3C57-2C52-4176-BBB0-BE9358AD3B1E}
		{29C65B9A-9287-46E7-ACF2-521B8B9AD277} = {29C65B9A-9287-46E7-ACF2-521B8B9AD277}
	EndProjectSection
EndProject
Project("{8BC9CEB8-8B4A-11D0-8D11-00A0C91BC942}") = "dcmnet", "..\dcmnet\libsrc\dcmnet.vcxproj", "{A5A9AF50-21BA-452B-82A0-161C013F72D3}"
	ProjectSection(ProjectDependencies) = postProject
		{6262508C-6A47-456B-AD19-9CDCE441F315} = {6262508C-6A47-456B-AD19-9CDCE441F315}
	EndProjectSection
EndProject
Project("{8BC9CEB8-8B4A-11D0-8D11-00A0C91BC942}") = "dcmp2pgm", "apps\dcmp2pgm.vcxproj", "{6277AB0B-01F7-415E-B791-59F263004C69}"
	ProjectSection(ProjectDependencies) = postProject
		{6262508C-6A47-456B-AD19-9CDCE441F315} = {6262508C-6A47-456B-AD19-9CDCE441F315}
		{8D487DDE-F5F1-4654-9C32-5DB8FFB17EDE} = {8D487DDE-F5F1-4654-9C32-5DB8FFB17EDE}
		{40DF7E25-B7FD-4F2E-BD60-133589AFE86C} = {40DF7E25-B7FD-4F2E-BD60-133589AFE86C}
		{69DB8863-DA2F-4E1A-BEEC-B203F9D961D4} = {69DB8863-DA2F-4E1A-BEEC-B203F9D961D4}
		{A5A9AF50-21BA-452B-82A0-161C013F72D3} = {A5A9AF50-21BA-452B-82A0-161C013F72D3}
		{043625FC-330A-46CE-850C-90AFFF923D43} = {043625FC-330A-46CE-850C-90AFFF923D43}
		{688422D2-5C92-406E-9D24-631DCA8EB88F} = {688422D2-5C92-406E-9D24-631DCA8EB88F}
		{DD4E4B18-D76F-40CB-88A2-3EDC03CE69F4} = {DD4E4B18-D76F-40CB-88A2-3EDC03CE69F4}
		{6932DB58-124D-40A0-BF3F-B42421DBFC1A} = {6932DB58-124D-40A0-BF3F-B42421DBFC1A}
		{66FC3C57-2C52-4176-BBB0-BE9358AD3B1E} = {66FC3C57-2C52-4176-BBB0-BE9358AD3B1E}
		{29C65B9A-9287-46E7-ACF2-521B8B9AD277} = {29C65B9A-9287-46E7-ACF2-521B8B9AD277}
	EndProjectSection
EndProject
Project("{8BC9CEB8-8B4A-11D0-8D11-00A0C91BC942}") = "dcmprscp", "apps\dcmprscp.vcxproj", "{BBC51EB5-F6F8-4D0B-AE3A-110ED4053124}"
	ProjectSection(ProjectDependencies) = postProject
		{6262508C-6A47-456B-AD19-9CDCE441F315} = {6262508C-6A47-456B-AD19-9CDCE441F315}
		{8D487DDE-F5F1-4654-9C32-5DB8FFB17EDE} = {8D487DDE-F5F1-4654-9C32-5DB8FFB17EDE}
		{40DF7E25-B7FD-4F2E-BD60-133589AFE86C} = {40DF7E25-B7FD-4F2E-BD60-133589AFE86C}
		{69DB8863-DA2F-4E1A-BEEC-B203F9D961D4} = {69DB8863-DA2F-4E1A-BEEC-B203F9D961D4}
		{A5A9AF50-21BA-452B-82A0-161C013F72D3} = {A5A9AF50-21BA-452B-82A0-161C013F72D3}
		{043625FC-330A-46CE-850C-90AFFF923D43} = {043625FC-330A-46CE-850C-90AFFF923D43}
		{688422D2-5C92-406E-9D24-631DCA8EB88F} = {688422D2-5C92-406E-9D24-631DCA8EB88F}
		{DD4E4B18-D76F-40CB-88A2-3EDC03CE69F4} = {DD4E4B18-D76F-40CB-88A2-3EDC03CE69F4}
		{6932DB58-124D-40A0-BF3F-B42421DBFC1A} = {6932DB58-124D-40A0-BF3F-B42421DBFC1A}
		{66FC3C57-2C52-4176-BBB0-BE9358AD3B1E} = {66FC3C57-2C52-4176-BBB0-BE9358AD3B1E}
		{29C65B9A-9287-46E7-ACF2-521B8B9AD277} = {29C65B9A-9287-46E7-ACF2-521B8B9AD277}
	EndProjectSection
EndProject
Project("{8BC9CEB8-8B4A-11D0-8D11-00A0C91BC942}") = "dcmprscu", "apps\dcmprscu.vcxproj", "{C4798A99-4609-4662-A344-C21168D35EE8}"
	ProjectSection(ProjectDependencies) = postProject
		{6262508C-6A47-456B-AD19-9CDCE441F315} = {6262508C-6A47-456B-AD19-9CDCE441F315}
		{8D487DDE-F5F1-4654-9C32-5DB8FFB17EDE} = {8D487DDE-F5F1-4654-9C32-5DB8FFB17EDE}
		{40DF7E25-B7FD-4F2E-BD60-133589AFE86C} = {40DF7E25-B7FD-4F2E-BD60-133589AFE86C}
		{69DB8863-DA2F-4E1A-BEEC-B203F9D961D4} = {69DB8863-DA2F-4E1A-BEEC-B203F9D961D4}
		{A5A9AF50-21BA-452B-82A0-161C013F72D3} = {A5A9AF50-21BA-452B-82A0-161C013F72D3}
		{043625FC-330A-46CE-850C-90AFFF923D43} = {043625FC-330A-46CE-850C-90AFFF923D43}
		{688422D2-5C92-406E-9D24-631DCA8EB88F} = {688422D2-5C92-406E-9D24-631DCA8EB88F}
		{DD4E4B18-D76F-40CB-88A2-3EDC03CE69F4} = {DD4E4B18-D76F-40CB-88A2-3EDC03CE69F4}
		{6932DB58-124D-40A0-BF3F-B42421DBFC1A} = {6932DB58-124D-40A0-BF3F-B42421DBFC1A}
		{66FC3C57-2C52-4176-BBB0-BE9358AD3B1E} = {66FC3C57-2C52-4176-BBB0-BE9358AD3B1E}
		{29C65B9A-9287-46E7-ACF2-521B8B9AD277} = {29C65B9A-9287-46E7-ACF2-521B8B9AD277}
	EndProjectSection
EndProject
Project("{8BC9CEB8-8B4A-11D0-8D11-00A0C91BC942}") = "dcmpschk", "apps\dcmpschk.vcxproj", "{1FC81E1C-8B47-4600-9AD4-058593A00E9E}"
	ProjectSection(ProjectDependencies) = postProject
		{6262508C-6A47-456B-AD19-9CDCE441F315} = {6262508C-6A47-456B-AD19-9CDCE441F315}
		{8D487DDE-F5F1-4654-9C32-5DB8FFB17EDE} = {8D487DDE-F5F1-4654-9C32-5DB8FFB17EDE}
		{69DB8863-DA2F-4E1A-BEEC-B203F9D961D4} = {69DB8863-DA2F-4E1A-BEEC-B203F9D961D4}
		{A5A9AF50-21BA-452B-82A0-161C013F72D3} = {A5A9AF50-21BA-452B-82A0-161C013F72D3}
		{043625FC-330A-46CE-850C-90AFFF923D43} = {043625FC-330A-46CE-850C-90AFFF923D43}
		{688422D2-5C92-406E-9D24-631DCA8EB88F} = {688422D2-5C92-406E-9D24-631DCA8EB88F}
		{DD4E4B18-D76F-40CB-88A2-3EDC03CE69F4} = {DD4E4B18-D76F-40CB-88A2-3EDC03CE69F4}
		{66FC3C57-2C52-4176-BBB0-BE9358AD3B1E} = {66FC3C57-2C52-4176-BBB0-BE9358AD3B1E}
		{29C65B9A-9287-46E7-ACF2-521B8B9AD277} = {29C65B9A-9287-46E7-ACF2-521B8B9AD277}
	EndProjectSection
EndProject
Project("{8BC9CEB8-8B4A-11D0-8D11-00A0C91BC942}") = "dcmpsmk", "apps\dcmpsmk.vcxproj", "{95215134-8B7B-48D4-A279-5ECA23979DE2}"
	ProjectSection(ProjectDependencies) = postProject
		{6262508C-6A47-456B-AD19-9CDCE441F315} = {6262508C-6A47-456B-AD19-9CDCE441F315}
		{8D487DDE-F5F1-4654-9C32-5DB8FFB17EDE} = {8D487DDE-F5F1-4654-9C32-5DB8FFB17EDE}
		{69DB8863-DA2F-4E1A-BEEC-B203F9D961D4} = {69DB8863-DA2F-4E1A-BEEC-B203F9D961D4}
		{A5A9AF50-21BA-452B-82A0-161C013F72D3} = {A5A9AF50-21BA-452B-82A0-161C013F72D3}
		{043625FC-330A-46CE-850C-90AFFF923D43} = {043625FC-330A-46CE-850C-90AFFF923D43}
		{688422D2-5C92-406E-9D24-631DCA8EB88F} = {688422D2-5C92-406E-9D24-631DCA8EB88F}
		{DD4E4B18-D76F-40CB-88A2-3EDC03CE69F4} = {DD4E4B18-D76F-40CB-88A2-3EDC03CE69F4}
		{66FC3C57-2C52-4176-BBB0-BE9358AD3B1E} = {66FC3C57-2C52-4176-BBB0-BE9358AD3B1E}
		{29C65B9A-9287-46E7-ACF2-521B8B9AD277} = {29C65B9A-9287-46E7-ACF2-521B8B9AD277}
	EndProjectSection
EndProject
Project("{8BC9CEB8-8B4A-11D0-8D11-00A0C91BC942}") = "dcmpsprt", "apps\dcmpsprt.vcxproj", "{7C5EB988-6AA3-4D95-8963-8C01E0433C5C}"
	ProjectSection(ProjectDependencies) = postProject
		{6262508C-6A47-456B-AD19-9CDCE441F315} = {6262508C-6A47-456B-AD19-9CDCE441F315}
		{8D487DDE-F5F1-4654-9C32-5DB8FFB17EDE} = {8D487DDE-F5F1-4654-9C32-5DB8FFB17EDE}
		{40DF7E25-B7FD-4F2E-BD60-133589AFE86C} = {40DF7E25-B7FD-4F2E-BD60-133589AFE86C}
		{69DB8863-DA2F-4E1A-BEEC-B203F9D961D4} = {69DB8863-DA2F-4E1A-BEEC-B203F9D961D4}
		{A5A9AF50-21BA-452B-82A0-161C013F72D3} = {A5A9AF50-21BA-452B-82A0-161C013F72D3}
		{043625FC-330A-46CE-850C-90AFFF923D43} = {043625FC-330A-46CE-850C-90AFFF923D43}
		{688422D2-5C92-406E-9D24-631DCA8EB88F} = {688422D2-5C92-406E-9D24-631DCA8EB88F}
		{DD4E4B18-D76F-40CB-88A2-3EDC03CE69F4} = {DD4E4B18-D76F-40CB-88A2-3EDC03CE69F4}
		{6932DB58-124D-40A0-BF3F-B42421DBFC1A} = {6932DB58-124D-40A0-BF3F-B42421DBFC1A}
		{66FC3C57-2C52-4176-BBB0-BE9358AD3B1E} = {66FC3C57-2C52-4176-BBB0-BE9358AD3B1E}
		{29C65B9A-9287-46E7-ACF2-521B8B9AD277} = {29C65B9A-9287-46E7-ACF2-521B8B9AD277}
	EndProjectSection
EndProject
Project("{8BC9CEB8-8B4A-11D0-8D11-00A0C91BC942}") = "dcmpsrcv", "apps\dcmpsrcv.vcxproj", "{98A83B65-A7B1-46FD-A797-439793227050}"
	ProjectSection(ProjectDependencies) = postProject
		{6262508C-6A47-456B-AD19-9CDCE441F315} = {6262508C-6A47-456B-AD19-9CDCE441F315}
		{8D487DDE-F5F1-4654-9C32-5DB8FFB17EDE} = {8D487DDE-F5F1-4654-9C32-5DB8FFB17EDE}
		{40DF7E25-B7FD-4F2E-BD60-133589AFE86C} = {40DF7E25-B7FD-4F2E-BD60-133589AFE86C}
		{69DB8863-DA2F-4E1A-BEEC-B203F9D961D4} = {69DB8863-DA2F-4E1A-BEEC-B203F9D961D4}
		{A5A9AF50-21BA-452B-82A0-161C013F72D3} = {A5A9AF50-21BA-452B-82A0-161C013F72D3}
		{043625FC-330A-46CE-850C-90AFFF923D43} = {043625FC-330A-46CE-850C-90AFFF923D43}
		{688422D2-5C92-406E-9D24-631DCA8EB88F} = {688422D2-5C92-406E-9D24-631DCA8EB88F}
		{DD4E4B18-D76F-40CB-88A2-3EDC03CE69F4} = {DD4E4B18-D76F-40CB-88A2-3EDC03CE69F4}
		{6932DB58-124D-40A0-BF3F-B42421DBFC1A} = {6932DB58-124D-40A0-BF3F-B42421DBFC1A}
		{66FC3C57-2C52-4176-BBB0-BE9358AD3B1E} = {66FC3C57-2C52-4176-BBB0-BE9358AD3B1E}
		{29C65B9A-9287-46E7-ACF2-521B8B9AD277} = {29C65B9A-9287-46E7-ACF2-521B8B9AD277}
	EndProjectSection
EndProject
Project("{8BC9CEB8-8B4A-11D0-8D11-00A0C91BC942}") = "dcmpssnd", "apps\dcmpssnd.vcxproj", "{E38B622E-C00F-4F64-9426-1224EBF9D287}"
	ProjectSection(ProjectDependencies) = postProject
		{6262508C-6A47-456B-AD19-9CDCE441F315} = {6262508C-6A47-456B-AD19-9CDCE441F315}
		{8D487DDE-F5F1-4654-9C32-5DB8FFB17EDE} = {8D487DDE-F5F1-4654-9C32-5DB8FFB17EDE}
		{40DF7E25-B7FD-4F2E-BD60-133589AFE86C} = {40DF7E25-B7FD-4F2E-BD60-133589AFE86C}
		{69DB8863-DA2F-4E1A-BEEC-B203F9D961D4} = {69DB8863-DA2F-4E1A-BEEC-B203F9D961D4}
		{A5A9AF50-21BA-452B-82A0-161C013F72D3} = {A5A9AF50-21BA-452B-82A0-161C013F72D3}
		{043625FC-330A-46CE-850C-90AFFF923D43} = {043625FC-330A-46CE-850C-90AFFF923D43}
		{688422D2-5C92-406E-9D24-631DCA8EB88F} = {688422D2-5C92-406E-9D24-631DCA8EB88F}
		{DD4E4B18-D76F-40CB-88A2-3EDC03CE69F4} = {DD4E4B18-D76F-40CB-88A2-3EDC03CE69F4}
		{6932DB58-124D-40A0-BF3F-B42421DBFC1A} = {6932DB58-124D-40A0-BF3F-B42421DBFC1A}
		{66FC3C57-2C52-4176-BBB0-BE9358AD3B1E} = {66FC3C57-2C52-4176-BBB0-BE9358AD3B1E}
		{29C65B9A-9287-46E7-ACF2-521B8B9AD277} = {29C65B9A-9287-46E7-ACF2-521B8B9AD277}
	EndProjectSection
EndProject
Project("{8BC9CEB8-8B4A-11D0-8D11-00A0C91BC942}") = "dcmpstat", "libsrc\dcmpstat.vcxproj", "{043625FC-330A-46CE-850C-90AFFF923D43}"
	ProjectSection(ProjectDependencies) = postProject
		{6262508C-6A47-456B-AD19-9CDCE441F315} = {6262508C-6A47-456B-AD19-9CDCE441F315}
	EndProjectSection
EndProject
Project("{8BC9CEB8-8B4A-11D0-8D11-00A0C91BC942}") = "dcmqrdb", "..\dcmqrdb\libsrc\dcmqrdb.vcxproj", "{688422D2-5C92-406E-9D24-631DCA8EB88F}"
	ProjectSection(ProjectDependencies) = postProject
		{6262508C-6A47-456B-AD19-9CDCE441F315} = {6262508C-6A47-456B-AD19-9CDCE441F315}
	EndProjectSection
EndProject
Project("{8BC9CEB8-8B4A-11D0-8D11-00A0C91BC942}") = "dcmsr", "..\dcmsr\libsrc\dcmsr.vcxproj", "{DD4E4B18-D76F-40CB-88A2-3EDC03CE69F4}"
	ProjectSection(ProjectDependencies) = postProject
		{6262508C-6A47-456B-AD19-9CDCE441F315} = {6262508C-6A47-456B-AD19-9CDCE441F315}
	EndProjectSection
EndProject
Project("{8BC9CEB8-8B4A-11D0-8D11-00A0C91BC942}") = "dcmtls", "..\dcmtls\libsrc\dcmtls.vcxproj", "{6932DB58-124D-40A0-BF3F-B42421DBFC1A}"
	ProjectSection(ProjectDependencies) = postProject
		{6262508C-6A47-456B-AD19-9CDCE441F315} = {6262508C-6A47-456B-AD19-9CDCE441F315}
	EndProjectSection
EndProject
Project("{8BC9CEB8-8B4A-11D0-8D11-00A0C91BC942}") = "oflog", "..\oflog\libsrc\oflog.vcxproj", "{66FC3C57-2C52-4176-BBB0-BE9358AD3B1E}"
	ProjectSection(ProjectDependencies) = postProject
		{6262508C-6A47-456B-AD19-9CDCE441F315} = {6262508C-6A47-456B-AD19-9CDCE441F315}
	EndProjectSection
EndProject
Project("{8BC9CEB8-8B4A-11D0-8D11-00A0C91BC942}") = "ofstd", "..\ofstd\libsrc\ofstd.vcxproj", "{29C65B9A-9287-46E7-ACF2-521B8B9AD277}"
	ProjectSection(ProjectDependencies) = postProject
		{6262508C-6A47-456B-AD19-9CDCE441F315} = {6262508C-6A47-456B-AD19-9CDCE441F315}
	EndProjectSection
EndProject
Global
	GlobalSection(SolutionConfigurationPlatforms) = preSolution
		Debug|Win32 = Debug|Win32
		Release|Win32 = Release|Win32
		MinSizeRel|Win32 = MinSizeRel|Win32
		RelWithDebInfo|Win32 = RelWithDebInfo|Win32
	EndGlobalSection
	GlobalSection(ProjectConfigurationPlatforms) = postSolution
		{E96B5D03-4122-4EDD-AE52-B735FAD8DD0A}.Debug|Win32.ActiveCfg = Debug|Win32
		{E96B5D03-4122-4EDD-AE52-B735FAD8DD0A}.Debug|Win32.Build.0 = Debug|Win32
		{E96B5D03-4122-4EDD-AE52-B735FAD8DD0A}.Release|Win32.ActiveCfg = Release|Win32
		{E96B5D03-4122-4EDD-AE52-B735FAD8DD0A}.Release|Win32.Build.0 = Release|Win32
		{E96B5D03-4122-4EDD-AE52-B735FAD8DD0A}.MinSizeRel|Win32.ActiveCfg = MinSizeRel|Win32
		{E96B5D03-4122-4EDD-AE52-B735FAD8DD0A}.MinSizeRel|Win32.Build.0 = MinSizeRel|Win32
		{E96B5D03-4122-4EDD-AE52-B735FAD8DD0A}.RelWithDebInfo|Win32.ActiveCfg = RelWithDebInfo|Win32
		{E96B5D03-4122-4EDD-AE52-B735FAD8DD0A}.RelWithDebInfo|Win32.Build.0 = RelWithDebInfo|Win32
		{1080E1B0-6C56-470D-832D-9359376B337B}.Debug|Win32.ActiveCfg = Debug|Win32
		{1080E1B0-6C56-470D-832D-9359376B337B}.Release|Win32.ActiveCfg = Release|Win32
		{1080E1B0-6C56-470D-832D-9359376B337B}.MinSizeRel|Win32.ActiveCfg = MinSizeRel|Win32
		{1080E1B0-6C56-470D-832D-9359376B337B}.RelWithDebInfo|Win32.ActiveCfg = RelWithDebInfo|Win32
		{6262508C-6A47-456B-AD19-9CDCE441F315}.Debug|Win32.ActiveCfg = Debug|Win32
		{6262508C-6A47-456B-AD19-9CDCE441F315}.Debug|Win32.Build.0 = Debug|Win32
		{6262508C-6A47-456B-AD19-9CDCE441F315}.Release|Win32.ActiveCfg = Release|Win32
		{6262508C-6A47-456B-AD19-9CDCE441F315}.Release|Win32.Build.0 = Release|Win32
		{6262508C-6A47-456B-AD19-9CDCE441F315}.MinSizeRel|Win32.ActiveCfg = MinSizeRel|Win32
		{6262508C-6A47-456B-AD19-9CDCE441F315}.MinSizeRel|Win32.Build.0 = MinSizeRel|Win32
		{6262508C-6A47-456B-AD19-9CDCE441F315}.RelWithDebInfo|Win32.ActiveCfg = RelWithDebInfo|Win32
		{6262508C-6A47-456B-AD19-9CDCE441F315}.RelWithDebInfo|Win32.Build.0 = RelWithDebInfo|Win32
		{8D487DDE-F5F1-4654-9C32-5DB8FFB17EDE}.Debug|Win32.ActiveCfg = Debug|Win32
		{8D487DDE-F5F1-4654-9C32-5DB8FFB17EDE}.Debug|Win32.Build.0 = Debug|Win32
		{8D487DDE-F5F1-4654-9C32-5DB8FFB17EDE}.Release|Win32.ActiveCfg = Release|Win32
		{8D487DDE-F5F1-4654-9C32-5DB8FFB17EDE}.Release|Win32.Build.0 = Release|Win32
		{8D487DDE-F5F1-4654-9C32-5DB8FFB17EDE}.MinSizeRel|Win32.ActiveCfg = MinSizeRel|Win32
		{8D487DDE-F5F1-4654-9C32-5DB8FFB17EDE}.MinSizeRel|Win32.Build.0 = MinSizeRel|Win32
		{8D487DDE-F5F1-4654-9C32-5DB8FFB17EDE}.RelWithDebInfo|Win32.ActiveCfg = RelWithDebInfo|Win32
		{8D487DDE-F5F1-4654-9C32-5DB8FFB17EDE}.RelWithDebInfo|Win32.Build.0 = RelWithDebInfo|Win32
		{40DF7E25-B7FD-4F2E-BD60-133589AFE86C}.Debug|Win32.ActiveCfg = Debug|Win32
		{40DF7E25-B7FD-4F2E-BD60-133589AFE86C}.Debug|Win32.Build.0 = Debug|Win32
		{40DF7E25-B7FD-4F2E-BD60-133589AFE86C}.Release|Win32.ActiveCfg = Release|Win32
		{40DF7E25-B7FD-4F2E-BD60-133589AFE86C}.Release|Win32.Build.0 = Release|Win32
		{40DF7E25-B7FD-4F2E-BD60-133589AFE86C}.MinSizeRel|Win32.ActiveCfg = MinSizeRel|Win32
		{40DF7E25-B7FD-4F2E-BD60-133589AFE86C}.MinSizeRel|Win32.Build.0 = MinSizeRel|Win32
		{40DF7E25-B7FD-4F2E-BD60-133589AFE86C}.RelWithDebInfo|Win32.ActiveCfg = RelWithDebInfo|Win32
		{40DF7E25-B7FD-4F2E-BD60-133589AFE86C}.RelWithDebInfo|Win32.Build.0 = RelWithDebInfo|Win32
		{69DB8863-DA2F-4E1A-BEEC-B203F9D961D4}.Debug|Win32.ActiveCfg = Debug|Win32
		{69DB8863-DA2F-4E1A-BEEC-B203F9D961D4}.Debug|Win32.Build.0 = Debug|Win32
		{69DB8863-DA2F-4E1A-BEEC-B203F9D961D4}.Release|Win32.ActiveCfg = Release|Win32
		{69DB8863-DA2F-4E1A-BEEC-B203F9D961D4}.Release|Win32.Build.0 = Release|Win32
		{69DB8863-DA2F-4E1A-BEEC-B203F9D961D4}.MinSizeRel|Win32.ActiveCfg = MinSizeRel|Win32
		{69DB8863-DA2F-4E1A-BEEC-B203F9D961D4}.MinSizeRel|Win32.Build.0 = MinSizeRel|Win32
		{69DB8863-DA2F-4E1A-BEEC-B203F9D961D4}.RelWithDebInfo|Win32.ActiveCfg = RelWithDebInfo|Win32
		{69DB8863-DA2F-4E1A-BEEC-B203F9D961D4}.RelWithDebInfo|Win32.Build.0 = RelWithDebInfo|Win32
		{351D7A7B-79DC-4C21-9A41-0177786FAEB4}.Debug|Win32.ActiveCfg = Debug|Win32
		{351D7A7B-79DC-4C21-9A41-0177786FAEB4}.Debug|Win32.Build.0 = Debug|Win32
		{351D7A7B-79DC-4C21-9A41-0177786FAEB4}.Release|Win32.ActiveCfg = Release|Win32
		{351D7A7B-79DC-4C21-9A41-0177786FAEB4}.Release|Win32.Build.0 = Release|Win32
		{351D7A7B-79DC-4C21-9A41-0177786FAEB4}.MinSizeRel|Win32.ActiveCfg = MinSizeRel|Win32
		{351D7A7B-79DC-4C21-9A41-0177786FAEB4}.MinSizeRel|Win32.Build.0 = MinSizeRel|Win32
		{351D7A7B-79DC-4C21-9A41-0177786FAEB4}.RelWithDebInfo|Win32.ActiveCfg = RelWithDebInfo|Win32
		{351D7A7B-79DC-4C21-9A41-0177786FAEB4}.RelWithDebInfo|Win32.Build.0 = RelWithDebInfo|Win32
		{0CE3C758-76F3-48D3-A2F9-4EC558825A99}.Debug|Win32.ActiveCfg = Debug|Win32
		{0CE3C758-76F3-48D3-A2F9-4EC558825A99}.Debug|Win32.Build.0 = Debug|Win32
		{0CE3C758-76F3-48D3-A2F9-4EC558825A99}.Release|Win32.ActiveCfg = Release|Win32
		{0CE3C758-76F3-48D3-A2F9-4EC558825A99}.Release|Win32.Build.0 = Release|Win32
		{0CE3C758-76F3-48D3-A2F9-4EC558825A99}.MinSizeRel|Win32.ActiveCfg = MinSizeRel|Win32
		{0CE3C758-76F3-48D3-A2F9-4EC558825A99}.MinSizeRel|Win32.Build.0 = MinSizeRel|Win32
		{0CE3C758-76F3-48D3-A2F9-4EC558825A99}.RelWithDebInfo|Win32.ActiveCfg = RelWithDebInfo|Win32
		{0CE3C758-76F3-48D3-A2F9-4EC558825A99}.RelWithDebInfo|Win32.Build.0 = RelWithDebInfo|Win32
		{A5A9AF50-21BA-452B-82A0-161C013F72D3}.Debug|Win32.ActiveCfg = Debug|Win32
		{A5A9AF50-21BA-452B-82A0-161C013F72D3}.Debug|Win32.Build.0 = Debug|Win32
		{A5A9AF50-21BA-452B-82A0-161C013F72D3}.Release|Win32.ActiveCfg = Release|Win32
		{A5A9AF50-21BA-452B-82A0-161C013F72D3}.Release|Win32.Build.0 = Release|Win32
		{A5A9AF50-21BA-452B-82A0-161C013F72D3}.MinSizeRel|Win32.ActiveCfg = MinSizeRel|Win32
		{A5A9AF50-21BA-452B-82A0-161C013F72D3}.MinSizeRel|Win32.Build.0 = MinSizeRel|Win32
		{A5A9AF50-21BA-452B-82A0-161C013F72D3}.RelWithDebInfo|Win32.ActiveCfg = RelWithDebInfo|Win32
		{A5A9AF50-21BA-452B-82A0-161C013F72D3}.RelWithDebInfo|Win32.Build.0 = RelWithDebInfo|Win32
		{6277AB0B-01F7-415E-B791-59F263004C69}.Debug|Win32.ActiveCfg = Debug|Win32
		{6277AB0B-01F7-415E-B791-59F263004C69}.Debug|Win32.Build.0 = Debug|Win32
		{6277AB0B-01F7-415E-B791-59F263004C69}.Release|Win32.ActiveCfg = Release|Win32
		{6277AB0B-01F7-415E-B791-59F263004C69}.Release|Win32.Build.0 = Release|Win32
		{6277AB0B-01F7-415E-B791-59F263004C69}.MinSizeRel|Win32.ActiveCfg = MinSizeRel|Win32
		{6277AB0B-01F7-415E-B791-59F263004C69}.MinSizeRel|Win32.Build.0 = MinSizeRel|Win32
		{6277AB0B-01F7-415E-B791-59F263004C69}.RelWithDebInfo|Win32.ActiveCfg = RelWithDebInfo|Win32
		{6277AB0B-01F7-415E-B791-59F263004C69}.RelWithDebInfo|Win32.Build.0 = RelWithDebInfo|Win32
		{BBC51EB5-F6F8-4D0B-AE3A-110ED4053124}.Debug|Win32.ActiveCfg = Debug|Win32
		{BBC51EB5-F6F8-4D0B-AE3A-110ED4053124}.Debug|Win32.Build.0 = Debug|Win32
		{BBC51EB5-F6F8-4D0B-AE3A-110ED4053124}.Release|Win32.ActiveCfg = Release|Win32
		{BBC51EB5-F6F8-4D0B-AE3A-110ED4053124}.Release|Win32.Build.0 = Release|Win32
		{BBC51EB5-F6F8-4D0B-AE3A-110ED4053124}.MinSizeRel|Win32.ActiveCfg = MinSizeRel|Win32
		{BBC51EB5-F6F8-4D0B-AE3A-110ED4053124}.MinSizeRel|Win32.Build.0 = MinSizeRel|Win32
		{BBC51EB5-F6F8-4D0B-AE3A-110ED4053124}.RelWithDebInfo|Win32.ActiveCfg = RelWithDebInfo|Win32
		{BBC51EB5-F6F8-4D0B-AE3A-110ED4053124}.RelWithDebInfo|Win32.Build.0 = RelWithDebInfo|Win32
		{C4798A99-4609-4662-A344-C21168D35EE8}.Debug|Win32.ActiveCfg = Debug|Win32
		{C4798A99-4609-4662-A344-C21168D35EE8}.Debug|Win32.Build.0 = Debug|Win32
		{C4798A99-4609-4662-A344-C21168D35EE8}.Release|Win32.ActiveCfg = Release|Win32
		{C4798A99-4609-4662-A344-C21168D35EE8}.Release|Win32.Build.0 = Release|Win32
		{C4798A99-4609-4662-A344-C21168D35EE8}.MinSizeRel|Win32.ActiveCfg = MinSizeRel|Win32
		{C4798A99-4609-4662-A344-C21168D35EE8}.MinSizeRel|Win32.Build.0 = MinSizeRel|Win32
		{C4798A99-4609-4662-A344-C21168D35EE8}.RelWithDebInfo|Win32.ActiveCfg = RelWithDebInfo|Win32
		{C4798A99-4609-4662-A344-C21168D35EE8}.RelWithDebInfo|Win32.Build.0 = RelWithDebInfo|Win32
		{1FC81E1C-8B47-4600-9AD4-058593A00E9E}.Debug|Win32.ActiveCfg = Debug|Win32
		{1FC81E1C-8B47-4600-9AD4-058593A00E9E}.Debug|Win32.Build.0 = Debug|Win32
		{1FC81E1C-8B47-4600-9AD4-058593A00E9E}.Release|Win32.ActiveCfg = Release|Win32
		{1FC81E1C-8B47-4600-9AD4-058593A00E9E}.Release|Win32.Build.0 = Release|Win32
		{1FC81E1C-8B47-4600-9AD4-058593A00E9E}.MinSizeRel|Win32.ActiveCfg = MinSizeRel|Win32
		{1FC81E1C-8B47-4600-9AD4-058593A00E9E}.MinSizeRel|Win32.Build.0 = MinSizeRel|Win32
		{1FC81E1C-8B47-4600-9AD4-058593A00E9E}.RelWithDebInfo|Win32.ActiveCfg = RelWithDebInfo|Win32
		{1FC81E1C-8B47-4600-9AD4-058593A00E9E}.RelWithDebInfo|Win32.Build.0 = RelWithDebInfo|Win32
		{95215134-8B7B-48D4-A279-5ECA23979DE2}.Debug|Win32.ActiveCfg = Debug|Win32
		{95215134-8B7B-48D4-A279-5ECA23979DE2}.Debug|Win32.Build.0 = Debug|Win32
		{95215134-8B7B-48D4-A279-5ECA23979DE2}.Release|Win32.ActiveCfg = Release|Win32
		{95215134-8B7B-48D4-A279-5ECA23979DE2}.Release|Win32.Build.0 = Release|Win32
		{95215134-8B7B-48D4-A279-5ECA23979DE2}.MinSizeRel|Win32.ActiveCfg = MinSizeRel|Win32
		{95215134-8B7B-48D4-A279-5ECA23979DE2}.MinSizeRel|Win32.Build.0 = MinSizeRel|Win32
		{95215134-8B7B-48D4-A279-5ECA23979DE2}.RelWithDebInfo|Win32.ActiveCfg = RelWithDebInfo|Win32
		{95215134-8B7B-48D4-A279-5ECA23979DE2}.RelWithDebInfo|Win32.Build.0 = RelWithDebInfo|Win32
		{7C5EB988-6AA3-4D95-8963-8C01E0433C5C}.Debug|Win32.ActiveCfg = Debug|Win32
		{7C5EB988-6AA3-4D95-8963-8C01E0433C5C}.Debug|Win32.Build.0 = Debug|Win32
		{7C5EB988-6AA3-4D95-8963-8C01E0433C5C}.Release|Win32.ActiveCfg = Release|Win32
		{7C5EB988-6AA3-4D95-8963-8C01E0433C5C}.Release|Win32.Build.0 = Release|Win32
		{7C5EB988-6AA3-4D95-8963-8C01E0433C5C}.MinSizeRel|Win32.ActiveCfg = MinSizeRel|Win32
		{7C5EB988-6AA3-4D95-8963-8C01E0433C5C}.MinSizeRel|Win32.Build.0 = MinSizeRel|Win32
		{7C5EB988-6AA3-4D95-8963-8C01E0433C5C}.RelWithDebInfo|Win32.ActiveCfg = RelWithDebInfo|Win32
		{7C5EB988-6AA3-4D95-8963-8C01E0433C5C}.RelWithDebInfo|Win32.Build.0 = RelWithDebInfo|Win32
		{98A83B65-A7B1-46FD-A797-439793227050}.Debug|Win32.ActiveCfg = Debug|Win32
		{98A83B65-A7B1-46FD-A797-439793227050}.Debug|Win32.Build.0 = Debug|Win32
		{98A83B65-A7B1-46FD-A797-439793227050}.Release|Win32.ActiveCfg = Release|Win32
		{98A83B65-A7B1-46FD-A797-439793227050}.Release|Win32.Build.0 = Release|Win32
		{98A83B65-A7B1-46FD-A797-439793227050}.MinSizeRel|Win32.ActiveCfg = MinSizeRel|Win32
		{98A83B65-A7B1-46FD-A797-439793227050}.MinSizeRel|Win32.Build.0 = MinSizeRel|Win32
		{98A83B65-A7B1-46FD-A797-439793227050}.RelWithDebInfo|Win32.ActiveCfg = RelWithDebInfo|Win32
		{98A83B65-A7B1-46FD-A797-439793227050}.RelWithDebInfo|Win32.Build.0 = RelWithDebInfo|Win32
		{E38B622E-C00F-4F64-9426-1224EBF9D287}.Debug|Win32.ActiveCfg = Debug|Win32
		{E38B622E-C00F-4F64-9426-1224EBF9D287}.Debug|Win32.Build.0 = Debug|Win32
		{E38B622E-C00F-4F64-9426-1224EBF9D287}.Release|Win32.ActiveCfg = Release|Win32
		{E38B622E-C00F-4F64-9426-1224EBF9D287}.Release|Win32.Build.0 = Release|Win32
		{E38B622E-C00F-4F64-9426-1224EBF9D287}.MinSizeRel|Win32.ActiveCfg = MinSizeRel|Win32
		{E38B622E-C00F-4F64-9426-1224EBF9D287}.MinSizeRel|Win32.Build.0 = MinSizeRel|Win32
		{E38B622E-C00F-4F64-9426-1224EBF9D287}.RelWithDebInfo|Win32.ActiveCfg = RelWithDebInfo|Win32
		{E38B622E-C00F-4F64-9426-1224EBF9D287}.RelWithDebInfo|Win32.Build.0 = RelWithDebInfo|Win32
		{043625FC-330A-46CE-850C-90AFFF923D43}.Debug|Win32.ActiveCfg = Debug|Win32
		{043625FC-330A-46CE-850C-90AFFF923D43}.Debug|Win32.Build.0 = Debug|Win32
		{043625FC-330A-46CE-850C-90AFFF923D43}.Release|Win32.ActiveCfg = Release|Win32
		{043625FC-330A-46CE-850C-90AFFF923D43}.Release|Win32.Build.0 = Release|Win32
		{043625FC-330A-46CE-850C-90AFFF923D43}.MinSizeRel|Win32.ActiveCfg = MinSizeRel|Win32
		{043625FC-330A-46CE-850C-90AFFF923D43}.MinSizeRel|Win32.Build.0 = MinSizeRel|Win32
		{043625FC-330A-46CE-850C-90AFFF923D43}.RelWithDebInfo|Win32.ActiveCfg = RelWithDebInfo|Win32
		{043625FC-330A-46CE-850C-90AFFF923D43}.RelWithDebInfo|Win32.Build.0 = RelWithDebInfo|Win32
		{688422D2-5C92-406E-9D24-631DCA8EB88F}.Debug|Win32.ActiveCfg = Debug|Win32
		{688422D2-5C92-406E-9D24-631DCA8EB88F}.Debug|Win32.Build.0 = Debug|Win32
		{688422D2-5C92-406E-9D24-631DCA8EB88F}.Release|Win32.ActiveCfg = Release|Win32
		{688422D2-5C92-406E-9D24-631DCA8EB88F}.Release|Win32.Build.0 = Release|Win32
		{688422D2-5C92-406E-9D24-631DCA8EB88F}.MinSizeRel|Win32.ActiveCfg = MinSizeRel|Win32
		{688422D2-5C92-406E-9D24-631DCA8EB88F}.MinSizeRel|Win32.Build.0 = MinSizeRel|Win32
		{688422D2-5C92-406E-9D24-631DCA8EB88F}.RelWithDebInfo|Win32.ActiveCfg = RelWithDebInfo|Win32
		{688422D2-5C92-406E-9D24-631DCA8EB88F}.RelWithDebInfo|Win32.Build.0 = RelWithDebInfo|Win32
		{DD4E4B18-D76F-40CB-88A2-3EDC03CE69F4}.Debug|Win32.ActiveCfg = Debug|Win32
		{DD4E4B18-D76F-40CB-88A2-3EDC03CE69F4}.Debug|Win32.Build.0 = Debug|Win32
		{DD4E4B18-D76F-40CB-88A2-3EDC03CE69F4}.Release|Win32.ActiveCfg = Release|Win32
		{DD4E4B18-D76F-40CB-88A2-3EDC03CE69F4}.Release|Win32.Build.0 = Release|Win32
		{DD4E4B18-D76F-40CB-88A2-3EDC03CE69F4}.MinSizeRel|Win32.ActiveCfg = MinSizeRel|Win32
		{DD4E4B18-D76F-40CB-88A2-3EDC03CE69F4}.MinSizeRel|Win32.Build.0 = MinSizeRel|Win32
		{DD4E4B18-D76F-40CB-88A2-3EDC03CE69F4}.RelWithDebInfo|Win32.ActiveCfg = RelWithDebInfo|Win32
		{DD4E4B18-D76F-40CB-88A2-3EDC03CE69F4}.RelWithDebInfo|Win32.Build.0 = RelWithDebInfo|Win32
		{6932DB58-124D-40A0-BF3F-B42421DBFC1A}.Debug|Win32.ActiveCfg = Debug|Win32
		{6932DB58-124D-40A0-BF3F-B42421DBFC1A}.Debug|Win32.Build.0 = Debug|Win32
		{6932DB58-124D-40A0-BF3F-B42421DBFC1A}.Release|Win32.ActiveCfg = Release|Win32
		{6932DB58-124D-40A0-BF3F-B42421DBFC1A}.Release|Win32.Build.0 = Release|Win32
		{6932DB58-124D-40A0-BF3F-B42421DBFC1A}.MinSizeRel|Win32.ActiveCfg = MinSizeRel|Win32
		{6932DB58-124D-40A0-BF3F-B42421DBFC1A}.MinSizeRel|Win32.Build.0 = MinSizeRel|Win32
		{6932DB58-124D-40A0-BF3F-B42421DBFC1A}.RelWithDebInfo|Win32.ActiveCfg = RelWithDebInfo|Win32
		{6932DB58-124D-40A0-BF3F-B42421DBFC1A}.RelWithDebInfo|Win32.Build.0 = RelWithDebInfo|Win32
		{66FC3C57-2C52-4176-BBB0-BE9358AD3B1E}.Debug|Win32.ActiveCfg = Debug|Win32
		{66FC3C57-2C52-4176-BBB0-BE9358AD3B1E}.Debug|Win32.Build.0 = Debug|Win32
		{66FC3C57-2C52-4176-BBB0-BE9358AD3B1E}.Release|Win32.ActiveCfg = Release|Win32
		{66FC3C57-2C52-4176-BBB0-BE9358AD3B1E}.Release|Win32.Build.0 = Release|Win32
		{66FC3C57-2C52-4176-BBB0-BE9358AD3B1E}.MinSizeRel|Win32.ActiveCfg = MinSizeRel|Win32
		{66FC3C57-2C52-4176-BBB0-BE9358AD3B1E}.MinSizeRel|Win32.Build.0 = MinSizeRel|Win32
		{66FC3C57-2C52-4176-BBB0-BE9358AD3B1E}.RelWithDebInfo|Win32.ActiveCfg = RelWithDebInfo|Win32
		{66FC3C57-2C52-4176-BBB0-BE9358AD3B1E}.RelWithDebInfo|Win32.Build.0 = RelWithDebInfo|Win32
		{29C65B9A-9287-46E7-ACF2-521B8B9AD277}.Debug|Win32.ActiveCfg = Debug|Win32
		{29C65B9A-9287-46E7-ACF2-521B8B9AD277}.Debug|Win32.Build.0 = Debug|Win32
		{29C65B9A-9287-46E7-ACF2-521B8B9AD277}.Release|Win32.ActiveCfg = Release|Win32
		{29C65B9A-9287-46E7-ACF2-521B8B9AD277}.Release|Win32.Build.0 = Release|Win32
		{29C65B9A-9287-46E7-ACF2-521B8B9AD277}.MinSizeRel|Win32.ActiveCfg = MinSizeRel|Win32
		{29C65B9A-9287-46E7-ACF2-521B8B9AD277}.MinSizeRel|Win32.Build.0 = MinSizeRel|Win32
		{29C65B9A-9287-46E7-ACF2-521B8B9AD277}.RelWithDebInfo|Win32.ActiveCfg = RelWithDebInfo|Win32
		{29C65B9A-9287-46E7-ACF2-521B8B9AD277}.RelWithDebInfo|Win32.Build.0 = RelWithDebInfo|Win32
	EndGlobalSection
	GlobalSection(ExtensibilityGlobals) = postSolution
	EndGlobalSection
	GlobalSection(ExtensibilityAddIns) = postSolution
	EndGlobalSection
EndGlobal
